// !$*UTF8*$!
{
	archiveVersion = 1;
	classes = {
	};
	objectVersion = 46;
	objects = {

/* Begin PBXBuildFile section */
		63243A141DBE4E5E009108D3 /* Androidbase.framework in Frameworks */ = {isa = PBXBuildFile; fileRef = 63243A0A1DBE4E5E009108D3 /* Androidbase.framework */; };
		63243A191DBE4E5E009108D3 /* AndroidbaseTests.m in Sources */ = {isa = PBXBuildFile; fileRef = 63243A181DBE4E5E009108D3 /* AndroidbaseTests.m */; };
		634D227A1DBE842B00AD08DE /* JRE.framework in Frameworks */ = {isa = PBXBuildFile; fileRef = 634D22791DBE842B00AD08DE /* JRE.framework */; };
		634D22A11DBE85E200AD08DE /* Androidbase.h in Headers */ = {isa = PBXBuildFile; fileRef = 634D227D1DBE85E200AD08DE /* Androidbase.h */; settings = {ATTRIBUTES = (Public, ); }; };
		634D22A51DBE85E200AD08DE /* CursorWindowNative.h in Headers */ = {isa = PBXBuildFile; fileRef = 634D22811DBE85E200AD08DE /* CursorWindowNative.h */; settings = {ATTRIBUTES = (Public, ); }; };
		634D22A61DBE85E200AD08DE /* CursorWindowNative.m in Sources */ = {isa = PBXBuildFile; fileRef = 634D22821DBE85E200AD08DE /* CursorWindowNative.m */; };
		634D22A81DBE85E200AD08DE /* RenameComAndroidInternalUtilFastXmlSerializer.h in Headers */ = {isa = PBXBuildFile; fileRef = 634D22841DBE85E200AD08DE /* RenameComAndroidInternalUtilFastXmlSerializer.h */; settings = {ATTRIBUTES = (Public, ); }; };
		634D22A91DBE85E200AD08DE /* RenameComAndroidInternalUtilFastXmlSerializer.m in Sources */ = {isa = PBXBuildFile; fileRef = 634D22851DBE85E200AD08DE /* RenameComAndroidInternalUtilFastXmlSerializer.m */; };
		634D22AA1DBE85E200AD08DE /* RenameComAndroidInternalUtilXmlUtils.h in Headers */ = {isa = PBXBuildFile; fileRef = 634D22861DBE85E200AD08DE /* RenameComAndroidInternalUtilXmlUtils.h */; settings = {ATTRIBUTES = (Public, ); }; };
		634D22AB1DBE85E200AD08DE /* RenameComAndroidInternalUtilXmlUtils.m in Sources */ = {isa = PBXBuildFile; fileRef = 634D22871DBE85E200AD08DE /* RenameComAndroidInternalUtilXmlUtils.m */; };
		634D22AC1DBE85E200AD08DE /* RenameComGoogleAndroidCollectLists.h in Headers */ = {isa = PBXBuildFile; fileRef = 634D22881DBE85E200AD08DE /* RenameComGoogleAndroidCollectLists.h */; settings = {ATTRIBUTES = (Public, ); }; };
		634D22AD1DBE85E200AD08DE /* RenameComGoogleAndroidCollectLists.m in Sources */ = {isa = PBXBuildFile; fileRef = 634D22891DBE85E200AD08DE /* RenameComGoogleAndroidCollectLists.m */; };
		634D22AE1DBE85E200AD08DE /* RenameComGoogleAndroidCollectMaps.h in Headers */ = {isa = PBXBuildFile; fileRef = 634D228A1DBE85E200AD08DE /* RenameComGoogleAndroidCollectMaps.h */; settings = {ATTRIBUTES = (Public, ); }; };
		634D22AF1DBE85E200AD08DE /* RenameComGoogleAndroidCollectMaps.m in Sources */ = {isa = PBXBuildFile; fileRef = 634D228B1DBE85E200AD08DE /* RenameComGoogleAndroidCollectMaps.m */; };
		634D22B01DBE85E200AD08DE /* RenameComGoogleAndroidCollectSets.h in Headers */ = {isa = PBXBuildFile; fileRef = 634D228C1DBE85E200AD08DE /* RenameComGoogleAndroidCollectSets.h */; settings = {ATTRIBUTES = (Public, ); }; };
		634D22B11DBE85E200AD08DE /* RenameComGoogleAndroidCollectSets.m in Sources */ = {isa = PBXBuildFile; fileRef = 634D228D1DBE85E200AD08DE /* RenameComGoogleAndroidCollectSets.m */; };
		634D22B21DBE85E200AD08DE /* RenameLibcoreInternalStringPool.h in Headers */ = {isa = PBXBuildFile; fileRef = 634D228E1DBE85E200AD08DE /* RenameLibcoreInternalStringPool.h */; settings = {ATTRIBUTES = (Public, ); }; };
		634D22B31DBE85E200AD08DE /* RenameLibcoreInternalStringPool.m in Sources */ = {isa = PBXBuildFile; fileRef = 634D228F1DBE85E200AD08DE /* RenameLibcoreInternalStringPool.m */; };
		634D22B41DBE85E200AD08DE /* RenameOrgKxml2IoKXmlParser.h in Headers */ = {isa = PBXBuildFile; fileRef = 634D22901DBE85E200AD08DE /* RenameOrgKxml2IoKXmlParser.h */; settings = {ATTRIBUTES = (Public, ); }; };
		634D22B51DBE85E200AD08DE /* RenameOrgKxml2IoKXmlParser.m in Sources */ = {isa = PBXBuildFile; fileRef = 634D22911DBE85E200AD08DE /* RenameOrgKxml2IoKXmlParser.m */; };
		634D22B61DBE85E200AD08DE /* RenameOrgKxml2IoKXmlSerializer.h in Headers */ = {isa = PBXBuildFile; fileRef = 634D22921DBE85E200AD08DE /* RenameOrgKxml2IoKXmlSerializer.h */; settings = {ATTRIBUTES = (Public, ); }; };
		634D22B71DBE85E200AD08DE /* RenameOrgKxml2IoKXmlSerializer.m in Sources */ = {isa = PBXBuildFile; fileRef = 634D22931DBE85E200AD08DE /* RenameOrgKxml2IoKXmlSerializer.m */; };
		634D22B81DBE85E200AD08DE /* RenameOrgKxml2KdomDocument.h in Headers */ = {isa = PBXBuildFile; fileRef = 634D22941DBE85E200AD08DE /* RenameOrgKxml2KdomDocument.h */; settings = {ATTRIBUTES = (Public, ); }; };
		634D22B91DBE85E200AD08DE /* RenameOrgKxml2KdomDocument.m in Sources */ = {isa = PBXBuildFile; fileRef = 634D22951DBE85E200AD08DE /* RenameOrgKxml2KdomDocument.m */; };
		634D22BA1DBE85E200AD08DE /* RenameOrgKxml2KdomElement.h in Headers */ = {isa = PBXBuildFile; fileRef = 634D22961DBE85E200AD08DE /* RenameOrgKxml2KdomElement.h */; settings = {ATTRIBUTES = (Public, ); }; };
		634D22BB1DBE85E200AD08DE /* RenameOrgKxml2KdomElement.m in Sources */ = {isa = PBXBuildFile; fileRef = 634D22971DBE85E200AD08DE /* RenameOrgKxml2KdomElement.m */; };
		634D22BC1DBE85E200AD08DE /* RenameOrgKxml2KdomNode.h in Headers */ = {isa = PBXBuildFile; fileRef = 634D22981DBE85E200AD08DE /* RenameOrgKxml2KdomNode.h */; settings = {ATTRIBUTES = (Public, ); }; };
		634D22BD1DBE85E200AD08DE /* RenameOrgKxml2KdomNode.m in Sources */ = {isa = PBXBuildFile; fileRef = 634D22991DBE85E200AD08DE /* RenameOrgKxml2KdomNode.m */; };
		634D22BE1DBE85E200AD08DE /* SQLiteConnectionNative.h in Headers */ = {isa = PBXBuildFile; fileRef = 634D229A1DBE85E200AD08DE /* SQLiteConnectionNative.h */; settings = {ATTRIBUTES = (Public, ); }; };
		634D22BF1DBE85E200AD08DE /* SQLiteConnectionNative.m in Sources */ = {isa = PBXBuildFile; fileRef = 634D229B1DBE85E200AD08DE /* SQLiteConnectionNative.m */; };
		634D22C01DBE85E200AD08DE /* SQLiteErrors.h in Headers */ = {isa = PBXBuildFile; fileRef = 634D229C1DBE85E200AD08DE /* SQLiteErrors.h */; settings = {ATTRIBUTES = (Public, ); }; };
		634D22C11DBE85E200AD08DE /* SQLiteErrors.m in Sources */ = {isa = PBXBuildFile; fileRef = 634D229D1DBE85E200AD08DE /* SQLiteErrors.m */; };
		634D22C21DBE85E200AD08DE /* SQLitePreparedStatement.h in Headers */ = {isa = PBXBuildFile; fileRef = 634D229E1DBE85E200AD08DE /* SQLitePreparedStatement.h */; settings = {ATTRIBUTES = (Public, ); }; };
		634D22C31DBE85E200AD08DE /* SQLitePreparedStatement.m in Sources */ = {isa = PBXBuildFile; fileRef = 634D229F1DBE85E200AD08DE /* SQLitePreparedStatement.m */; };
		634D22C51DBE874C00AD08DE /* Info.plist in Resources */ = {isa = PBXBuildFile; fileRef = 634D22C41DBE874C00AD08DE /* Info.plist */; };
		634D22C61DBE87D600AD08DE /* android in CopyFiles */ = {isa = PBXBuildFile; fileRef = 634D227C1DBE85E200AD08DE /* android */; };
		634D22C71DBE885400AD08DE /* com in CopyFiles */ = {isa = PBXBuildFile; fileRef = 634D22801DBE85E200AD08DE /* com */; };
		634D22C91DBE909700AD08DE /* UIKit.framework in Frameworks */ = {isa = PBXBuildFile; fileRef = 634D22C81DBE909700AD08DE /* UIKit.framework */; };
		634D22CE1DBEA04E00AD08DE /* NonNull.m in Sources */ = {isa = PBXBuildFile; fileRef = 634D22CD1DBEA04E00AD08DE /* NonNull.m */; };
		634D22D01DBEA05400AD08DE /* Nullable.m in Sources */ = {isa = PBXBuildFile; fileRef = 634D22CF1DBEA05400AD08DE /* Nullable.m */; };
		634D22D21DBEA05C00AD08DE /* Application.m in Sources */ = {isa = PBXBuildFile; fileRef = 634D22D11DBEA05C00AD08DE /* Application.m */; };
		634D22D41DBEA06100AD08DE /* QueuedWork.m in Sources */ = {isa = PBXBuildFile; fileRef = 634D22D31DBEA06100AD08DE /* QueuedWork.m */; };
		634D22D61DBEA06500AD08DE /* SharedPreferencesImpl.m in Sources */ = {isa = PBXBuildFile; fileRef = 634D22D51DBEA06500AD08DE /* SharedPreferencesImpl.m */; };
		634D22D81DBEA07900AD08DE /* ContentValues.m in Sources */ = {isa = PBXBuildFile; fileRef = 634D22D71DBEA07900AD08DE /* ContentValues.m */; };
		634D22DC1DBEA08F00AD08DE /* Context.m in Sources */ = {isa = PBXBuildFile; fileRef = 634D22D91DBEA08F00AD08DE /* Context.m */; };
		634D22DD1DBEA08F00AD08DE /* IOSContext.m in Sources */ = {isa = PBXBuildFile; fileRef = 634D22DA1DBEA08F00AD08DE /* IOSContext.m */; };
		634D22DE1DBEA08F00AD08DE /* SharedPreferences.m in Sources */ = {isa = PBXBuildFile; fileRef = 634D22DB1DBEA08F00AD08DE /* SharedPreferences.m */; };
		634D23181DBEA0F900AD08DE /* AbstractCursor.m in Sources */ = {isa = PBXBuildFile; fileRef = 634D22DF1DBEA0F900AD08DE /* AbstractCursor.m */; };
		634D23191DBEA0F900AD08DE /* AbstractWindowedCursor.m in Sources */ = {isa = PBXBuildFile; fileRef = 634D22E01DBEA0F900AD08DE /* AbstractWindowedCursor.m */; };
		634D231A1DBEA0F900AD08DE /* CharArrayBuffer.m in Sources */ = {isa = PBXBuildFile; fileRef = 634D22E11DBEA0F900AD08DE /* CharArrayBuffer.m */; };
		634D231B1DBEA0F900AD08DE /* CrossProcessCursor.m in Sources */ = {isa = PBXBuildFile; fileRef = 634D22E21DBEA0F900AD08DE /* CrossProcessCursor.m */; };
		634D231C1DBEA0F900AD08DE /* CrossProcessCursorWrapper.m in Sources */ = {isa = PBXBuildFile; fileRef = 634D22E31DBEA0F900AD08DE /* CrossProcessCursorWrapper.m */; };
		634D231D1DBEA0F900AD08DE /* Cursor.m in Sources */ = {isa = PBXBuildFile; fileRef = 634D22E41DBEA0F900AD08DE /* Cursor.m */; };
		634D231E1DBEA0F900AD08DE /* CursorIndexOutOfBoundsException.m in Sources */ = {isa = PBXBuildFile; fileRef = 634D22E51DBEA0F900AD08DE /* CursorIndexOutOfBoundsException.m */; };
		634D231F1DBEA0F900AD08DE /* CursorWindow.m in Sources */ = {isa = PBXBuildFile; fileRef = 634D22E61DBEA0F900AD08DE /* CursorWindow.m */; };
		634D23201DBEA0F900AD08DE /* CursorWindowAllocationException.m in Sources */ = {isa = PBXBuildFile; fileRef = 634D22E71DBEA0F900AD08DE /* CursorWindowAllocationException.m */; };
		634D23211DBEA0F900AD08DE /* CursorWrapper.m in Sources */ = {isa = PBXBuildFile; fileRef = 634D22E81DBEA0F900AD08DE /* CursorWrapper.m */; };
		634D23221DBEA0F900AD08DE /* DatabaseErrorHandler.m in Sources */ = {isa = PBXBuildFile; fileRef = 634D22E91DBEA0F900AD08DE /* DatabaseErrorHandler.m */; };
		634D23231DBEA0F900AD08DE /* DatabaseUtils.m in Sources */ = {isa = PBXBuildFile; fileRef = 634D22EA1DBEA0F900AD08DE /* DatabaseUtils.m */; };
		634D23241DBEA0F900AD08DE /* DataSetObservable.m in Sources */ = {isa = PBXBuildFile; fileRef = 634D22EB1DBEA0F900AD08DE /* DataSetObservable.m */; };
		634D23251DBEA0F900AD08DE /* DataSetObserver.m in Sources */ = {isa = PBXBuildFile; fileRef = 634D22EC1DBEA0F900AD08DE /* DataSetObserver.m */; };
		634D23261DBEA0F900AD08DE /* DefaultDatabaseErrorHandler.m in Sources */ = {isa = PBXBuildFile; fileRef = 634D22ED1DBEA0F900AD08DE /* DefaultDatabaseErrorHandler.m */; };
		634D23271DBEA0F900AD08DE /* MatrixCursor.m in Sources */ = {isa = PBXBuildFile; fileRef = 634D22EE1DBEA0F900AD08DE /* MatrixCursor.m */; };
		634D23281DBEA0F900AD08DE /* MergeCursor.m in Sources */ = {isa = PBXBuildFile; fileRef = 634D22EF1DBEA0F900AD08DE /* MergeCursor.m */; };
		634D23291DBEA0F900AD08DE /* Observable.m in Sources */ = {isa = PBXBuildFile; fileRef = 634D22F01DBEA0F900AD08DE /* Observable.m */; };
		634D232A1DBEA0F900AD08DE /* SQLException.m in Sources */ = {isa = PBXBuildFile; fileRef = 634D22F11DBEA0F900AD08DE /* SQLException.m */; };
		634D232B1DBEA0F900AD08DE /* DatabaseObjectNotClosedException.m in Sources */ = {isa = PBXBuildFile; fileRef = 634D22F21DBEA0F900AD08DE /* DatabaseObjectNotClosedException.m */; };
		634D232C1DBEA0F900AD08DE /* SQLiteAbortException.m in Sources */ = {isa = PBXBuildFile; fileRef = 634D22F31DBEA0F900AD08DE /* SQLiteAbortException.m */; };
		634D232D1DBEA0F900AD08DE /* SQLiteAccessPermException.m in Sources */ = {isa = PBXBuildFile; fileRef = 634D22F41DBEA0F900AD08DE /* SQLiteAccessPermException.m */; };
		634D232E1DBEA0F900AD08DE /* SQLiteBindOrColumnIndexOutOfRangeException.m in Sources */ = {isa = PBXBuildFile; fileRef = 634D22F51DBEA0F900AD08DE /* SQLiteBindOrColumnIndexOutOfRangeException.m */; };
		634D232F1DBEA0F900AD08DE /* SQLiteBlobTooBigException.m in Sources */ = {isa = PBXBuildFile; fileRef = 634D22F61DBEA0F900AD08DE /* SQLiteBlobTooBigException.m */; };
		634D23301DBEA0F900AD08DE /* SQLiteCantOpenDatabaseException.m in Sources */ = {isa = PBXBuildFile; fileRef = 634D22F71DBEA0F900AD08DE /* SQLiteCantOpenDatabaseException.m */; };
		634D23311DBEA0F900AD08DE /* SQLiteClosable.m in Sources */ = {isa = PBXBuildFile; fileRef = 634D22F81DBEA0F900AD08DE /* SQLiteClosable.m */; };
		634D23321DBEA0F900AD08DE /* SQLiteConnection.m in Sources */ = {isa = PBXBuildFile; fileRef = 634D22F91DBEA0F900AD08DE /* SQLiteConnection.m */; };
		634D23331DBEA0F900AD08DE /* SQLiteConnectionPool.m in Sources */ = {isa = PBXBuildFile; fileRef = 634D22FA1DBEA0F900AD08DE /* SQLiteConnectionPool.m */; };
		634D23341DBEA0F900AD08DE /* SQLiteConstraintException.m in Sources */ = {isa = PBXBuildFile; fileRef = 634D22FB1DBEA0F900AD08DE /* SQLiteConstraintException.m */; };
		634D23351DBEA0F900AD08DE /* SQLiteCursor.m in Sources */ = {isa = PBXBuildFile; fileRef = 634D22FC1DBEA0F900AD08DE /* SQLiteCursor.m */; };
		634D23361DBEA0F900AD08DE /* SQLiteCursorDriver.m in Sources */ = {isa = PBXBuildFile; fileRef = 634D22FD1DBEA0F900AD08DE /* SQLiteCursorDriver.m */; };
		634D23371DBEA0F900AD08DE /* SQLiteCustomFunction.m in Sources */ = {isa = PBXBuildFile; fileRef = 634D22FE1DBEA0F900AD08DE /* SQLiteCustomFunction.m */; };
		634D23381DBEA0F900AD08DE /* SQLiteDatabase.m in Sources */ = {isa = PBXBuildFile; fileRef = 634D22FF1DBEA0F900AD08DE /* SQLiteDatabase.m */; };
		634D23391DBEA0F900AD08DE /* SQLiteDatabaseConfiguration.m in Sources */ = {isa = PBXBuildFile; fileRef = 634D23001DBEA0F900AD08DE /* SQLiteDatabaseConfiguration.m */; };
		634D233A1DBEA0F900AD08DE /* SQLiteDatabaseCorruptException.m in Sources */ = {isa = PBXBuildFile; fileRef = 634D23011DBEA0F900AD08DE /* SQLiteDatabaseCorruptException.m */; };
		634D233B1DBEA0F900AD08DE /* SQLiteDatabaseLockedException.m in Sources */ = {isa = PBXBuildFile; fileRef = 634D23021DBEA0F900AD08DE /* SQLiteDatabaseLockedException.m */; };
		634D233C1DBEA0F900AD08DE /* SQLiteDatatypeMismatchException.m in Sources */ = {isa = PBXBuildFile; fileRef = 634D23031DBEA0F900AD08DE /* SQLiteDatatypeMismatchException.m */; };
		634D233D1DBEA0F900AD08DE /* SQLiteDebug.m in Sources */ = {isa = PBXBuildFile; fileRef = 634D23041DBEA0F900AD08DE /* SQLiteDebug.m */; };
		634D233E1DBEA0F900AD08DE /* SQLiteDirectCursorDriver.m in Sources */ = {isa = PBXBuildFile; fileRef = 634D23051DBEA0F900AD08DE /* SQLiteDirectCursorDriver.m */; };
		634D233F1DBEA0F900AD08DE /* SQLiteDiskIOException.m in Sources */ = {isa = PBXBuildFile; fileRef = 634D23061DBEA0F900AD08DE /* SQLiteDiskIOException.m */; };
		634D23401DBEA0F900AD08DE /* SQLiteDoneException.m in Sources */ = {isa = PBXBuildFile; fileRef = 634D23071DBEA0F900AD08DE /* SQLiteDoneException.m */; };
		634D23411DBEA0F900AD08DE /* SQLiteException.m in Sources */ = {isa = PBXBuildFile; fileRef = 634D23081DBEA0F900AD08DE /* SQLiteException.m */; };
		634D23421DBEA0F900AD08DE /* SQLiteFullException.m in Sources */ = {isa = PBXBuildFile; fileRef = 634D23091DBEA0F900AD08DE /* SQLiteFullException.m */; };
		634D23431DBEA0F900AD08DE /* SQLiteGlobal.m in Sources */ = {isa = PBXBuildFile; fileRef = 634D230A1DBEA0F900AD08DE /* SQLiteGlobal.m */; };
		634D23441DBEA0F900AD08DE /* SQLiteMisuseException.m in Sources */ = {isa = PBXBuildFile; fileRef = 634D230B1DBEA0F900AD08DE /* SQLiteMisuseException.m */; };
		634D23451DBEA0F900AD08DE /* SQLiteOpenHelper.m in Sources */ = {isa = PBXBuildFile; fileRef = 634D230C1DBEA0F900AD08DE /* SQLiteOpenHelper.m */; };
		634D23461DBEA0F900AD08DE /* SQLiteOutOfMemoryException.m in Sources */ = {isa = PBXBuildFile; fileRef = 634D230D1DBEA0F900AD08DE /* SQLiteOutOfMemoryException.m */; };
		634D23471DBEA0F900AD08DE /* SQLiteProgram.m in Sources */ = {isa = PBXBuildFile; fileRef = 634D230E1DBEA0F900AD08DE /* SQLiteProgram.m */; };
		634D23481DBEA0F900AD08DE /* SQLiteQuery.m in Sources */ = {isa = PBXBuildFile; fileRef = 634D230F1DBEA0F900AD08DE /* SQLiteQuery.m */; };
		634D23491DBEA0F900AD08DE /* SQLiteQueryBuilder.m in Sources */ = {isa = PBXBuildFile; fileRef = 634D23101DBEA0F900AD08DE /* SQLiteQueryBuilder.m */; };
		634D234A1DBEA0F900AD08DE /* SQLiteReadOnlyDatabaseException.m in Sources */ = {isa = PBXBuildFile; fileRef = 634D23111DBEA0F900AD08DE /* SQLiteReadOnlyDatabaseException.m */; };
		634D234B1DBEA0F900AD08DE /* SQLiteSession.m in Sources */ = {isa = PBXBuildFile; fileRef = 634D23121DBEA0F900AD08DE /* SQLiteSession.m */; };
		634D234C1DBEA0F900AD08DE /* SQLiteStatement.m in Sources */ = {isa = PBXBuildFile; fileRef = 634D23131DBEA0F900AD08DE /* SQLiteStatement.m */; };
		634D234D1DBEA0F900AD08DE /* SQLiteStatementInfo.m in Sources */ = {isa = PBXBuildFile; fileRef = 634D23141DBEA0F900AD08DE /* SQLiteStatementInfo.m */; };
		634D234E1DBEA0F900AD08DE /* SQLiteTableLockedException.m in Sources */ = {isa = PBXBuildFile; fileRef = 634D23151DBEA0F900AD08DE /* SQLiteTableLockedException.m */; };
		634D234F1DBEA0F900AD08DE /* SQLiteTransactionListener.m in Sources */ = {isa = PBXBuildFile; fileRef = 634D23161DBEA0F900AD08DE /* SQLiteTransactionListener.m */; };
		634D23501DBEA0F900AD08DE /* StaleDataException.m in Sources */ = {isa = PBXBuildFile; fileRef = 634D23171DBEA0F900AD08DE /* StaleDataException.m */; };
		634D235A1DBEA16200AD08DE /* Bundle.m in Sources */ = {isa = PBXBuildFile; fileRef = 634D23511DBEA16200AD08DE /* Bundle.m */; };
		634D235B1DBEA16200AD08DE /* FileUtils.m in Sources */ = {isa = PBXBuildFile; fileRef = 634D23521DBEA16200AD08DE /* FileUtils.m */; };
		634D235C1DBEA16200AD08DE /* Handler.m in Sources */ = {isa = PBXBuildFile; fileRef = 634D23531DBEA16200AD08DE /* Handler.m */; };
		634D235D1DBEA16200AD08DE /* HandlerThread.m in Sources */ = {isa = PBXBuildFile; fileRef = 634D23541DBEA16200AD08DE /* HandlerThread.m */; };
		634D235E1DBEA16200AD08DE /* Looper.m in Sources */ = {isa = PBXBuildFile; fileRef = 634D23551DBEA16200AD08DE /* Looper.m */; };
		634D235F1DBEA16200AD08DE /* Message.m in Sources */ = {isa = PBXBuildFile; fileRef = 634D23561DBEA16200AD08DE /* Message.m */; };
		634D23601DBEA16200AD08DE /* MessageQueue.m in Sources */ = {isa = PBXBuildFile; fileRef = 634D23571DBEA16200AD08DE /* MessageQueue.m */; };
		634D23611DBEA16200AD08DE /* ThreadNudger.m in Sources */ = {isa = PBXBuildFile; fileRef = 634D23581DBEA16200AD08DE /* ThreadNudger.m */; };
		634D23621DBEA16200AD08DE /* Trace.m in Sources */ = {isa = PBXBuildFile; fileRef = 634D23591DBEA16200AD08DE /* Trace.m */; };
		634D23641DBEA16A00AD08DE /* BaseColumns.m in Sources */ = {isa = PBXBuildFile; fileRef = 634D23631DBEA16A00AD08DE /* BaseColumns.m */; };
		634D236A1DBEA17C00AD08DE /* CheckResult.m in Sources */ = {isa = PBXBuildFile; fileRef = 634D23651DBEA17C00AD08DE /* CheckResult.m */; };
		634D236B1DBEA17C00AD08DE /* IntDef.m in Sources */ = {isa = PBXBuildFile; fileRef = 634D23661DBEA17C00AD08DE /* IntDef.m */; };
		634D236C1DBEA17C00AD08DE /* NonNull.m in Sources */ = {isa = PBXBuildFile; fileRef = 634D23671DBEA17C00AD08DE /* NonNull.m */; };
		634D236D1DBEA17C00AD08DE /* Nullable.m in Sources */ = {isa = PBXBuildFile; fileRef = 634D23681DBEA17C00AD08DE /* Nullable.m */; };
		634D236E1DBEA17C00AD08DE /* VisibleForTesting.m in Sources */ = {isa = PBXBuildFile; fileRef = 634D23691DBEA17C00AD08DE /* VisibleForTesting.m */; };
		634D23711DBEA18600AD08DE /* JapanesePhoneNumberFormatter.m in Sources */ = {isa = PBXBuildFile; fileRef = 634D236F1DBEA18600AD08DE /* JapanesePhoneNumberFormatter.m */; };
		634D23721DBEA18600AD08DE /* PhoneNumberUtils.m in Sources */ = {isa = PBXBuildFile; fileRef = 634D23701DBEA18600AD08DE /* PhoneNumberUtils.m */; };
		634D237C1DBEA19500AD08DE /* AndroidRuntimeException.m in Sources */ = {isa = PBXBuildFile; fileRef = 634D23731DBEA19500AD08DE /* AndroidRuntimeException.m */; };
		634D237D1DBEA19500AD08DE /* EmptyArray.m in Sources */ = {isa = PBXBuildFile; fileRef = 634D23741DBEA19500AD08DE /* EmptyArray.m */; };
		634D237E1DBEA19500AD08DE /* LongSparseArray.m in Sources */ = {isa = PBXBuildFile; fileRef = 634D23751DBEA19500AD08DE /* LongSparseArray.m */; };
		634D237F1DBEA19500AD08DE /* Patterns.m in Sources */ = {isa = PBXBuildFile; fileRef = 634D23761DBEA19500AD08DE /* Patterns.m */; };
		634D23801DBEA19500AD08DE /* PrefixPrinter.m in Sources */ = {isa = PBXBuildFile; fileRef = 634D23771DBEA19500AD08DE /* PrefixPrinter.m */; };
		634D23811DBEA19500AD08DE /* Size.m in Sources */ = {isa = PBXBuildFile; fileRef = 634D23781DBEA19500AD08DE /* Size.m */; };
		634D23821DBEA19500AD08DE /* SizeF.m in Sources */ = {isa = PBXBuildFile; fileRef = 634D23791DBEA19500AD08DE /* SizeF.m */; };
		634D23831DBEA19500AD08DE /* TimeUtils.m in Sources */ = {isa = PBXBuildFile; fileRef = 634D237A1DBEA19500AD08DE /* TimeUtils.m */; };
		634D23841DBEA19500AD08DE /* Xml.m in Sources */ = {isa = PBXBuildFile; fileRef = 634D237B1DBEA19500AD08DE /* Xml.m */; };
		634D23861DBEA1A400AD08DE /* GrowingArrayUtils.m in Sources */ = {isa = PBXBuildFile; fileRef = 634D23851DBEA1A400AD08DE /* GrowingArrayUtils.m */; };
/* End PBXBuildFile section */

/* Begin PBXContainerItemProxy section */
		63243A151DBE4E5E009108D3 /* PBXContainerItemProxy */ = {
			isa = PBXContainerItemProxy;
			containerPortal = 63243A011DBE4E5E009108D3 /* Project object */;
			proxyType = 1;
			remoteGlobalIDString = 63243A091DBE4E5E009108D3;
			remoteInfo = Androidbase;
		};
/* End PBXContainerItemProxy section */

/* Begin PBXCopyFilesBuildPhase section */
		634D227B1DBE859500AD08DE /* CopyFiles */ = {
			isa = PBXCopyFilesBuildPhase;
			buildActionMask = 2147483647;
			dstPath = Headers;
			dstSubfolderSpec = 1;
			files = (
				634D22C61DBE87D600AD08DE /* android in CopyFiles */,
				634D22C71DBE885400AD08DE /* com in CopyFiles */,
			);
			runOnlyForDeploymentPostprocessing = 0;
		};
/* End PBXCopyFilesBuildPhase section */

/* Begin PBXFileReference section */
		63243A0A1DBE4E5E009108D3 /* Androidbase.framework */ = {isa = PBXFileReference; explicitFileType = wrapper.framework; includeInIndex = 0; path = Androidbase.framework; sourceTree = BUILT_PRODUCTS_DIR; };
		63243A0D1DBE4E5E009108D3 /* Androidbase.h */ = {isa = PBXFileReference; lastKnownFileType = sourcecode.c.h; path = Androidbase.h; sourceTree = "<group>"; };
		63243A131DBE4E5E009108D3 /* AndroidbaseTests.xctest */ = {isa = PBXFileReference; explicitFileType = wrapper.cfbundle; includeInIndex = 0; path = AndroidbaseTests.xctest; sourceTree = BUILT_PRODUCTS_DIR; };
		63243A181DBE4E5E009108D3 /* AndroidbaseTests.m */ = {isa = PBXFileReference; lastKnownFileType = sourcecode.c.objc; path = AndroidbaseTests.m; sourceTree = "<group>"; };
		63243A1A1DBE4E5E009108D3 /* Info.plist */ = {isa = PBXFileReference; lastKnownFileType = text.plist.xml; path = Info.plist; sourceTree = "<group>"; };
		634D22791DBE842B00AD08DE /* JRE.framework */ = {isa = PBXFileReference; lastKnownFileType = wrapper.framework; name = JRE.framework; path = ../../../../devel/j2objc/dist/frameworks/JRE.framework; sourceTree = "<group>"; };
		634D227C1DBE85E200AD08DE /* android */ = {isa = PBXFileReference; lastKnownFileType = folder; path = android; sourceTree = "<group>"; };
		634D227D1DBE85E200AD08DE /* Androidbase.h */ = {isa = PBXFileReference; fileEncoding = 4; lastKnownFileType = sourcecode.c.h; path = Androidbase.h; sourceTree = "<group>"; };
		634D22801DBE85E200AD08DE /* com */ = {isa = PBXFileReference; lastKnownFileType = folder; path = com; sourceTree = "<group>"; };
		634D22811DBE85E200AD08DE /* CursorWindowNative.h */ = {isa = PBXFileReference; fileEncoding = 4; lastKnownFileType = sourcecode.c.h; path = CursorWindowNative.h; sourceTree = "<group>"; };
		634D22821DBE85E200AD08DE /* CursorWindowNative.m */ = {isa = PBXFileReference; fileEncoding = 4; lastKnownFileType = sourcecode.c.objc; path = CursorWindowNative.m; sourceTree = "<group>"; };
		634D22841DBE85E200AD08DE /* RenameComAndroidInternalUtilFastXmlSerializer.h */ = {isa = PBXFileReference; fileEncoding = 4; lastKnownFileType = sourcecode.c.h; path = RenameComAndroidInternalUtilFastXmlSerializer.h; sourceTree = "<group>"; };
		634D22851DBE85E200AD08DE /* RenameComAndroidInternalUtilFastXmlSerializer.m */ = {isa = PBXFileReference; fileEncoding = 4; lastKnownFileType = sourcecode.c.objc; path = RenameComAndroidInternalUtilFastXmlSerializer.m; sourceTree = "<group>"; };
		634D22861DBE85E200AD08DE /* RenameComAndroidInternalUtilXmlUtils.h */ = {isa = PBXFileReference; fileEncoding = 4; lastKnownFileType = sourcecode.c.h; path = RenameComAndroidInternalUtilXmlUtils.h; sourceTree = "<group>"; };
		634D22871DBE85E200AD08DE /* RenameComAndroidInternalUtilXmlUtils.m */ = {isa = PBXFileReference; fileEncoding = 4; lastKnownFileType = sourcecode.c.objc; path = RenameComAndroidInternalUtilXmlUtils.m; sourceTree = "<group>"; };
		634D22881DBE85E200AD08DE /* RenameComGoogleAndroidCollectLists.h */ = {isa = PBXFileReference; fileEncoding = 4; lastKnownFileType = sourcecode.c.h; path = RenameComGoogleAndroidCollectLists.h; sourceTree = "<group>"; };
		634D22891DBE85E200AD08DE /* RenameComGoogleAndroidCollectLists.m */ = {isa = PBXFileReference; fileEncoding = 4; lastKnownFileType = sourcecode.c.objc; path = RenameComGoogleAndroidCollectLists.m; sourceTree = "<group>"; };
		634D228A1DBE85E200AD08DE /* RenameComGoogleAndroidCollectMaps.h */ = {isa = PBXFileReference; fileEncoding = 4; lastKnownFileType = sourcecode.c.h; path = RenameComGoogleAndroidCollectMaps.h; sourceTree = "<group>"; };
		634D228B1DBE85E200AD08DE /* RenameComGoogleAndroidCollectMaps.m */ = {isa = PBXFileReference; fileEncoding = 4; lastKnownFileType = sourcecode.c.objc; path = RenameComGoogleAndroidCollectMaps.m; sourceTree = "<group>"; };
		634D228C1DBE85E200AD08DE /* RenameComGoogleAndroidCollectSets.h */ = {isa = PBXFileReference; fileEncoding = 4; lastKnownFileType = sourcecode.c.h; path = RenameComGoogleAndroidCollectSets.h; sourceTree = "<group>"; };
		634D228D1DBE85E200AD08DE /* RenameComGoogleAndroidCollectSets.m */ = {isa = PBXFileReference; fileEncoding = 4; lastKnownFileType = sourcecode.c.objc; path = RenameComGoogleAndroidCollectSets.m; sourceTree = "<group>"; };
		634D228E1DBE85E200AD08DE /* RenameLibcoreInternalStringPool.h */ = {isa = PBXFileReference; fileEncoding = 4; lastKnownFileType = sourcecode.c.h; path = RenameLibcoreInternalStringPool.h; sourceTree = "<group>"; };
		634D228F1DBE85E200AD08DE /* RenameLibcoreInternalStringPool.m */ = {isa = PBXFileReference; fileEncoding = 4; lastKnownFileType = sourcecode.c.objc; path = RenameLibcoreInternalStringPool.m; sourceTree = "<group>"; };
		634D22901DBE85E200AD08DE /* RenameOrgKxml2IoKXmlParser.h */ = {isa = PBXFileReference; fileEncoding = 4; lastKnownFileType = sourcecode.c.h; path = RenameOrgKxml2IoKXmlParser.h; sourceTree = "<group>"; };
		634D22911DBE85E200AD08DE /* RenameOrgKxml2IoKXmlParser.m */ = {isa = PBXFileReference; fileEncoding = 4; lastKnownFileType = sourcecode.c.objc; path = RenameOrgKxml2IoKXmlParser.m; sourceTree = "<group>"; };
		634D22921DBE85E200AD08DE /* RenameOrgKxml2IoKXmlSerializer.h */ = {isa = PBXFileReference; fileEncoding = 4; lastKnownFileType = sourcecode.c.h; path = RenameOrgKxml2IoKXmlSerializer.h; sourceTree = "<group>"; };
		634D22931DBE85E200AD08DE /* RenameOrgKxml2IoKXmlSerializer.m */ = {isa = PBXFileReference; fileEncoding = 4; lastKnownFileType = sourcecode.c.objc; path = RenameOrgKxml2IoKXmlSerializer.m; sourceTree = "<group>"; };
		634D22941DBE85E200AD08DE /* RenameOrgKxml2KdomDocument.h */ = {isa = PBXFileReference; fileEncoding = 4; lastKnownFileType = sourcecode.c.h; path = RenameOrgKxml2KdomDocument.h; sourceTree = "<group>"; };
		634D22951DBE85E200AD08DE /* RenameOrgKxml2KdomDocument.m */ = {isa = PBXFileReference; fileEncoding = 4; lastKnownFileType = sourcecode.c.objc; path = RenameOrgKxml2KdomDocument.m; sourceTree = "<group>"; };
		634D22961DBE85E200AD08DE /* RenameOrgKxml2KdomElement.h */ = {isa = PBXFileReference; fileEncoding = 4; lastKnownFileType = sourcecode.c.h; path = RenameOrgKxml2KdomElement.h; sourceTree = "<group>"; };
		634D22971DBE85E200AD08DE /* RenameOrgKxml2KdomElement.m */ = {isa = PBXFileReference; fileEncoding = 4; lastKnownFileType = sourcecode.c.objc; path = RenameOrgKxml2KdomElement.m; sourceTree = "<group>"; };
		634D22981DBE85E200AD08DE /* RenameOrgKxml2KdomNode.h */ = {isa = PBXFileReference; fileEncoding = 4; lastKnownFileType = sourcecode.c.h; path = RenameOrgKxml2KdomNode.h; sourceTree = "<group>"; };
		634D22991DBE85E200AD08DE /* RenameOrgKxml2KdomNode.m */ = {isa = PBXFileReference; fileEncoding = 4; lastKnownFileType = sourcecode.c.objc; path = RenameOrgKxml2KdomNode.m; sourceTree = "<group>"; };
		634D229A1DBE85E200AD08DE /* SQLiteConnectionNative.h */ = {isa = PBXFileReference; fileEncoding = 4; lastKnownFileType = sourcecode.c.h; path = SQLiteConnectionNative.h; sourceTree = "<group>"; };
		634D229B1DBE85E200AD08DE /* SQLiteConnectionNative.m */ = {isa = PBXFileReference; fileEncoding = 4; lastKnownFileType = sourcecode.c.objc; path = SQLiteConnectionNative.m; sourceTree = "<group>"; };
		634D229C1DBE85E200AD08DE /* SQLiteErrors.h */ = {isa = PBXFileReference; fileEncoding = 4; lastKnownFileType = sourcecode.c.h; path = SQLiteErrors.h; sourceTree = "<group>"; };
		634D229D1DBE85E200AD08DE /* SQLiteErrors.m */ = {isa = PBXFileReference; fileEncoding = 4; lastKnownFileType = sourcecode.c.objc; path = SQLiteErrors.m; sourceTree = "<group>"; };
		634D229E1DBE85E200AD08DE /* SQLitePreparedStatement.h */ = {isa = PBXFileReference; fileEncoding = 4; lastKnownFileType = sourcecode.c.h; path = SQLitePreparedStatement.h; sourceTree = "<group>"; };
		634D229F1DBE85E200AD08DE /* SQLitePreparedStatement.m */ = {isa = PBXFileReference; fileEncoding = 4; lastKnownFileType = sourcecode.c.objc; path = SQLitePreparedStatement.m; sourceTree = "<group>"; };
		634D22C41DBE874C00AD08DE /* Info.plist */ = {isa = PBXFileReference; fileEncoding = 4; lastKnownFileType = text.plist.xml; path = Info.plist; sourceTree = "<group>"; };
		634D22C81DBE909700AD08DE /* UIKit.framework */ = {isa = PBXFileReference; lastKnownFileType = wrapper.framework; name = UIKit.framework; path = System/Library/Frameworks/UIKit.framework; sourceTree = SDKROOT; };
		634D22CD1DBEA04E00AD08DE /* NonNull.m */ = {isa = PBXFileReference; lastKnownFileType = sourcecode.c.objc; name = NonNull.m; path = Androidbase/android/annotation/NonNull.m; sourceTree = "<group>"; };
		634D22CF1DBEA05400AD08DE /* Nullable.m */ = {isa = PBXFileReference; lastKnownFileType = sourcecode.c.objc; name = Nullable.m; path = Androidbase/android/annotation/Nullable.m; sourceTree = "<group>"; };
		634D22D11DBEA05C00AD08DE /* Application.m */ = {isa = PBXFileReference; lastKnownFileType = sourcecode.c.objc; name = Application.m; path = Androidbase/android/app/Application.m; sourceTree = "<group>"; };
		634D22D31DBEA06100AD08DE /* QueuedWork.m */ = {isa = PBXFileReference; lastKnownFileType = sourcecode.c.objc; name = QueuedWork.m; path = Androidbase/android/app/QueuedWork.m; sourceTree = "<group>"; };
		634D22D51DBEA06500AD08DE /* SharedPreferencesImpl.m */ = {isa = PBXFileReference; lastKnownFileType = sourcecode.c.objc; name = SharedPreferencesImpl.m; path = Androidbase/android/app/SharedPreferencesImpl.m; sourceTree = "<group>"; };
		634D22D71DBEA07900AD08DE /* ContentValues.m */ = {isa = PBXFileReference; lastKnownFileType = sourcecode.c.objc; name = ContentValues.m; path = Androidbase/android/content/ContentValues.m; sourceTree = "<group>"; };
		634D22D91DBEA08F00AD08DE /* Context.m */ = {isa = PBXFileReference; fileEncoding = 4; lastKnownFileType = sourcecode.c.objc; name = Context.m; path = Androidbase/android/content/Context.m; sourceTree = "<group>"; };
		634D22DA1DBEA08F00AD08DE /* IOSContext.m */ = {isa = PBXFileReference; fileEncoding = 4; lastKnownFileType = sourcecode.c.objc; name = IOSContext.m; path = Androidbase/android/content/IOSContext.m; sourceTree = "<group>"; };
		634D22DB1DBEA08F00AD08DE /* SharedPreferences.m */ = {isa = PBXFileReference; fileEncoding = 4; lastKnownFileType = sourcecode.c.objc; name = SharedPreferences.m; path = Androidbase/android/content/SharedPreferences.m; sourceTree = "<group>"; };
		634D22DF1DBEA0F900AD08DE /* AbstractCursor.m */ = {isa = PBXFileReference; fileEncoding = 4; lastKnownFileType = sourcecode.c.objc; name = AbstractCursor.m; path = Androidbase/android/database/AbstractCursor.m; sourceTree = "<group>"; };
		634D22E01DBEA0F900AD08DE /* AbstractWindowedCursor.m */ = {isa = PBXFileReference; fileEncoding = 4; lastKnownFileType = sourcecode.c.objc; name = AbstractWindowedCursor.m; path = Androidbase/android/database/AbstractWindowedCursor.m; sourceTree = "<group>"; };
		634D22E11DBEA0F900AD08DE /* CharArrayBuffer.m */ = {isa = PBXFileReference; fileEncoding = 4; lastKnownFileType = sourcecode.c.objc; name = CharArrayBuffer.m; path = Androidbase/android/database/CharArrayBuffer.m; sourceTree = "<group>"; };
		634D22E21DBEA0F900AD08DE /* CrossProcessCursor.m */ = {isa = PBXFileReference; fileEncoding = 4; lastKnownFileType = sourcecode.c.objc; name = CrossProcessCursor.m; path = Androidbase/android/database/CrossProcessCursor.m; sourceTree = "<group>"; };
		634D22E31DBEA0F900AD08DE /* CrossProcessCursorWrapper.m */ = {isa = PBXFileReference; fileEncoding = 4; lastKnownFileType = sourcecode.c.objc; name = CrossProcessCursorWrapper.m; path = Androidbase/android/database/CrossProcessCursorWrapper.m; sourceTree = "<group>"; };
		634D22E41DBEA0F900AD08DE /* Cursor.m */ = {isa = PBXFileReference; fileEncoding = 4; lastKnownFileType = sourcecode.c.objc; name = Cursor.m; path = Androidbase/android/database/Cursor.m; sourceTree = "<group>"; };
		634D22E51DBEA0F900AD08DE /* CursorIndexOutOfBoundsException.m */ = {isa = PBXFileReference; fileEncoding = 4; lastKnownFileType = sourcecode.c.objc; name = CursorIndexOutOfBoundsException.m; path = Androidbase/android/database/CursorIndexOutOfBoundsException.m; sourceTree = "<group>"; };
		634D22E61DBEA0F900AD08DE /* CursorWindow.m */ = {isa = PBXFileReference; fileEncoding = 4; lastKnownFileType = sourcecode.c.objc; name = CursorWindow.m; path = Androidbase/android/database/CursorWindow.m; sourceTree = "<group>"; };
		634D22E71DBEA0F900AD08DE /* CursorWindowAllocationException.m */ = {isa = PBXFileReference; fileEncoding = 4; lastKnownFileType = sourcecode.c.objc; name = CursorWindowAllocationException.m; path = Androidbase/android/database/CursorWindowAllocationException.m; sourceTree = "<group>"; };
		634D22E81DBEA0F900AD08DE /* CursorWrapper.m */ = {isa = PBXFileReference; fileEncoding = 4; lastKnownFileType = sourcecode.c.objc; name = CursorWrapper.m; path = Androidbase/android/database/CursorWrapper.m; sourceTree = "<group>"; };
		634D22E91DBEA0F900AD08DE /* DatabaseErrorHandler.m */ = {isa = PBXFileReference; fileEncoding = 4; lastKnownFileType = sourcecode.c.objc; name = DatabaseErrorHandler.m; path = Androidbase/android/database/DatabaseErrorHandler.m; sourceTree = "<group>"; };
		634D22EA1DBEA0F900AD08DE /* DatabaseUtils.m */ = {isa = PBXFileReference; fileEncoding = 4; lastKnownFileType = sourcecode.c.objc; name = DatabaseUtils.m; path = Androidbase/android/database/DatabaseUtils.m; sourceTree = "<group>"; };
		634D22EB1DBEA0F900AD08DE /* DataSetObservable.m */ = {isa = PBXFileReference; fileEncoding = 4; lastKnownFileType = sourcecode.c.objc; name = DataSetObservable.m; path = Androidbase/android/database/DataSetObservable.m; sourceTree = "<group>"; };
		634D22EC1DBEA0F900AD08DE /* DataSetObserver.m */ = {isa = PBXFileReference; fileEncoding = 4; lastKnownFileType = sourcecode.c.objc; name = DataSetObserver.m; path = Androidbase/android/database/DataSetObserver.m; sourceTree = "<group>"; };
		634D22ED1DBEA0F900AD08DE /* DefaultDatabaseErrorHandler.m */ = {isa = PBXFileReference; fileEncoding = 4; lastKnownFileType = sourcecode.c.objc; name = DefaultDatabaseErrorHandler.m; path = Androidbase/android/database/DefaultDatabaseErrorHandler.m; sourceTree = "<group>"; };
		634D22EE1DBEA0F900AD08DE /* MatrixCursor.m */ = {isa = PBXFileReference; fileEncoding = 4; lastKnownFileType = sourcecode.c.objc; name = MatrixCursor.m; path = Androidbase/android/database/MatrixCursor.m; sourceTree = "<group>"; };
		634D22EF1DBEA0F900AD08DE /* MergeCursor.m */ = {isa = PBXFileReference; fileEncoding = 4; lastKnownFileType = sourcecode.c.objc; name = MergeCursor.m; path = Androidbase/android/database/MergeCursor.m; sourceTree = "<group>"; };
		634D22F01DBEA0F900AD08DE /* Observable.m */ = {isa = PBXFileReference; fileEncoding = 4; lastKnownFileType = sourcecode.c.objc; name = Observable.m; path = Androidbase/android/database/Observable.m; sourceTree = "<group>"; };
		634D22F11DBEA0F900AD08DE /* SQLException.m */ = {isa = PBXFileReference; fileEncoding = 4; lastKnownFileType = sourcecode.c.objc; name = SQLException.m; path = Androidbase/android/database/SQLException.m; sourceTree = "<group>"; };
		634D22F21DBEA0F900AD08DE /* DatabaseObjectNotClosedException.m */ = {isa = PBXFileReference; fileEncoding = 4; lastKnownFileType = sourcecode.c.objc; name = DatabaseObjectNotClosedException.m; path = Androidbase/android/database/sqlite/DatabaseObjectNotClosedException.m; sourceTree = "<group>"; };
		634D22F31DBEA0F900AD08DE /* SQLiteAbortException.m */ = {isa = PBXFileReference; fileEncoding = 4; lastKnownFileType = sourcecode.c.objc; name = SQLiteAbortException.m; path = Androidbase/android/database/sqlite/SQLiteAbortException.m; sourceTree = "<group>"; };
		634D22F41DBEA0F900AD08DE /* SQLiteAccessPermException.m */ = {isa = PBXFileReference; fileEncoding = 4; lastKnownFileType = sourcecode.c.objc; name = SQLiteAccessPermException.m; path = Androidbase/android/database/sqlite/SQLiteAccessPermException.m; sourceTree = "<group>"; };
		634D22F51DBEA0F900AD08DE /* SQLiteBindOrColumnIndexOutOfRangeException.m */ = {isa = PBXFileReference; fileEncoding = 4; lastKnownFileType = sourcecode.c.objc; name = SQLiteBindOrColumnIndexOutOfRangeException.m; path = Androidbase/android/database/sqlite/SQLiteBindOrColumnIndexOutOfRangeException.m; sourceTree = "<group>"; };
		634D22F61DBEA0F900AD08DE /* SQLiteBlobTooBigException.m */ = {isa = PBXFileReference; fileEncoding = 4; lastKnownFileType = sourcecode.c.objc; name = SQLiteBlobTooBigException.m; path = Androidbase/android/database/sqlite/SQLiteBlobTooBigException.m; sourceTree = "<group>"; };
		634D22F71DBEA0F900AD08DE /* SQLiteCantOpenDatabaseException.m */ = {isa = PBXFileReference; fileEncoding = 4; lastKnownFileType = sourcecode.c.objc; name = SQLiteCantOpenDatabaseException.m; path = Androidbase/android/database/sqlite/SQLiteCantOpenDatabaseException.m; sourceTree = "<group>"; };
		634D22F81DBEA0F900AD08DE /* SQLiteClosable.m */ = {isa = PBXFileReference; fileEncoding = 4; lastKnownFileType = sourcecode.c.objc; name = SQLiteClosable.m; path = Androidbase/android/database/sqlite/SQLiteClosable.m; sourceTree = "<group>"; };
		634D22F91DBEA0F900AD08DE /* SQLiteConnection.m */ = {isa = PBXFileReference; fileEncoding = 4; lastKnownFileType = sourcecode.c.objc; name = SQLiteConnection.m; path = Androidbase/android/database/sqlite/SQLiteConnection.m; sourceTree = "<group>"; };
		634D22FA1DBEA0F900AD08DE /* SQLiteConnectionPool.m */ = {isa = PBXFileReference; fileEncoding = 4; lastKnownFileType = sourcecode.c.objc; name = SQLiteConnectionPool.m; path = Androidbase/android/database/sqlite/SQLiteConnectionPool.m; sourceTree = "<group>"; };
		634D22FB1DBEA0F900AD08DE /* SQLiteConstraintException.m */ = {isa = PBXFileReference; fileEncoding = 4; lastKnownFileType = sourcecode.c.objc; name = SQLiteConstraintException.m; path = Androidbase/android/database/sqlite/SQLiteConstraintException.m; sourceTree = "<group>"; };
		634D22FC1DBEA0F900AD08DE /* SQLiteCursor.m */ = {isa = PBXFileReference; fileEncoding = 4; lastKnownFileType = sourcecode.c.objc; name = SQLiteCursor.m; path = Androidbase/android/database/sqlite/SQLiteCursor.m; sourceTree = "<group>"; };
		634D22FD1DBEA0F900AD08DE /* SQLiteCursorDriver.m */ = {isa = PBXFileReference; fileEncoding = 4; lastKnownFileType = sourcecode.c.objc; name = SQLiteCursorDriver.m; path = Androidbase/android/database/sqlite/SQLiteCursorDriver.m; sourceTree = "<group>"; };
		634D22FE1DBEA0F900AD08DE /* SQLiteCustomFunction.m */ = {isa = PBXFileReference; fileEncoding = 4; lastKnownFileType = sourcecode.c.objc; name = SQLiteCustomFunction.m; path = Androidbase/android/database/sqlite/SQLiteCustomFunction.m; sourceTree = "<group>"; };
		634D22FF1DBEA0F900AD08DE /* SQLiteDatabase.m */ = {isa = PBXFileReference; fileEncoding = 4; lastKnownFileType = sourcecode.c.objc; name = SQLiteDatabase.m; path = Androidbase/android/database/sqlite/SQLiteDatabase.m; sourceTree = "<group>"; };
		634D23001DBEA0F900AD08DE /* SQLiteDatabaseConfiguration.m */ = {isa = PBXFileReference; fileEncoding = 4; lastKnownFileType = sourcecode.c.objc; name = SQLiteDatabaseConfiguration.m; path = Androidbase/android/database/sqlite/SQLiteDatabaseConfiguration.m; sourceTree = "<group>"; };
		634D23011DBEA0F900AD08DE /* SQLiteDatabaseCorruptException.m */ = {isa = PBXFileReference; fileEncoding = 4; lastKnownFileType = sourcecode.c.objc; name = SQLiteDatabaseCorruptException.m; path = Androidbase/android/database/sqlite/SQLiteDatabaseCorruptException.m; sourceTree = "<group>"; };
		634D23021DBEA0F900AD08DE /* SQLiteDatabaseLockedException.m */ = {isa = PBXFileReference; fileEncoding = 4; lastKnownFileType = sourcecode.c.objc; name = SQLiteDatabaseLockedException.m; path = Androidbase/android/database/sqlite/SQLiteDatabaseLockedException.m; sourceTree = "<group>"; };
		634D23031DBEA0F900AD08DE /* SQLiteDatatypeMismatchException.m */ = {isa = PBXFileReference; fileEncoding = 4; lastKnownFileType = sourcecode.c.objc; name = SQLiteDatatypeMismatchException.m; path = Androidbase/android/database/sqlite/SQLiteDatatypeMismatchException.m; sourceTree = "<group>"; };
		634D23041DBEA0F900AD08DE /* SQLiteDebug.m */ = {isa = PBXFileReference; fileEncoding = 4; lastKnownFileType = sourcecode.c.objc; name = SQLiteDebug.m; path = Androidbase/android/database/sqlite/SQLiteDebug.m; sourceTree = "<group>"; };
		634D23051DBEA0F900AD08DE /* SQLiteDirectCursorDriver.m */ = {isa = PBXFileReference; fileEncoding = 4; lastKnownFileType = sourcecode.c.objc; name = SQLiteDirectCursorDriver.m; path = Androidbase/android/database/sqlite/SQLiteDirectCursorDriver.m; sourceTree = "<group>"; };
		634D23061DBEA0F900AD08DE /* SQLiteDiskIOException.m */ = {isa = PBXFileReference; fileEncoding = 4; lastKnownFileType = sourcecode.c.objc; name = SQLiteDiskIOException.m; path = Androidbase/android/database/sqlite/SQLiteDiskIOException.m; sourceTree = "<group>"; };
		634D23071DBEA0F900AD08DE /* SQLiteDoneException.m */ = {isa = PBXFileReference; fileEncoding = 4; lastKnownFileType = sourcecode.c.objc; name = SQLiteDoneException.m; path = Androidbase/android/database/sqlite/SQLiteDoneException.m; sourceTree = "<group>"; };
		634D23081DBEA0F900AD08DE /* SQLiteException.m */ = {isa = PBXFileReference; fileEncoding = 4; lastKnownFileType = sourcecode.c.objc; name = SQLiteException.m; path = Androidbase/android/database/sqlite/SQLiteException.m; sourceTree = "<group>"; };
		634D23091DBEA0F900AD08DE /* SQLiteFullException.m */ = {isa = PBXFileReference; fileEncoding = 4; lastKnownFileType = sourcecode.c.objc; name = SQLiteFullException.m; path = Androidbase/android/database/sqlite/SQLiteFullException.m; sourceTree = "<group>"; };
		634D230A1DBEA0F900AD08DE /* SQLiteGlobal.m */ = {isa = PBXFileReference; fileEncoding = 4; lastKnownFileType = sourcecode.c.objc; name = SQLiteGlobal.m; path = Androidbase/android/database/sqlite/SQLiteGlobal.m; sourceTree = "<group>"; };
		634D230B1DBEA0F900AD08DE /* SQLiteMisuseException.m */ = {isa = PBXFileReference; fileEncoding = 4; lastKnownFileType = sourcecode.c.objc; name = SQLiteMisuseException.m; path = Androidbase/android/database/sqlite/SQLiteMisuseException.m; sourceTree = "<group>"; };
		634D230C1DBEA0F900AD08DE /* SQLiteOpenHelper.m */ = {isa = PBXFileReference; fileEncoding = 4; lastKnownFileType = sourcecode.c.objc; name = SQLiteOpenHelper.m; path = Androidbase/android/database/sqlite/SQLiteOpenHelper.m; sourceTree = "<group>"; };
		634D230D1DBEA0F900AD08DE /* SQLiteOutOfMemoryException.m */ = {isa = PBXFileReference; fileEncoding = 4; lastKnownFileType = sourcecode.c.objc; name = SQLiteOutOfMemoryException.m; path = Androidbase/android/database/sqlite/SQLiteOutOfMemoryException.m; sourceTree = "<group>"; };
		634D230E1DBEA0F900AD08DE /* SQLiteProgram.m */ = {isa = PBXFileReference; fileEncoding = 4; lastKnownFileType = sourcecode.c.objc; name = SQLiteProgram.m; path = Androidbase/android/database/sqlite/SQLiteProgram.m; sourceTree = "<group>"; };
		634D230F1DBEA0F900AD08DE /* SQLiteQuery.m */ = {isa = PBXFileReference; fileEncoding = 4; lastKnownFileType = sourcecode.c.objc; name = SQLiteQuery.m; path = Androidbase/android/database/sqlite/SQLiteQuery.m; sourceTree = "<group>"; };
		634D23101DBEA0F900AD08DE /* SQLiteQueryBuilder.m */ = {isa = PBXFileReference; fileEncoding = 4; lastKnownFileType = sourcecode.c.objc; name = SQLiteQueryBuilder.m; path = Androidbase/android/database/sqlite/SQLiteQueryBuilder.m; sourceTree = "<group>"; };
		634D23111DBEA0F900AD08DE /* SQLiteReadOnlyDatabaseException.m */ = {isa = PBXFileReference; fileEncoding = 4; lastKnownFileType = sourcecode.c.objc; name = SQLiteReadOnlyDatabaseException.m; path = Androidbase/android/database/sqlite/SQLiteReadOnlyDatabaseException.m; sourceTree = "<group>"; };
		634D23121DBEA0F900AD08DE /* SQLiteSession.m */ = {isa = PBXFileReference; fileEncoding = 4; lastKnownFileType = sourcecode.c.objc; name = SQLiteSession.m; path = Androidbase/android/database/sqlite/SQLiteSession.m; sourceTree = "<group>"; };
		634D23131DBEA0F900AD08DE /* SQLiteStatement.m */ = {isa = PBXFileReference; fileEncoding = 4; lastKnownFileType = sourcecode.c.objc; name = SQLiteStatement.m; path = Androidbase/android/database/sqlite/SQLiteStatement.m; sourceTree = "<group>"; };
		634D23141DBEA0F900AD08DE /* SQLiteStatementInfo.m */ = {isa = PBXFileReference; fileEncoding = 4; lastKnownFileType = sourcecode.c.objc; name = SQLiteStatementInfo.m; path = Androidbase/android/database/sqlite/SQLiteStatementInfo.m; sourceTree = "<group>"; };
		634D23151DBEA0F900AD08DE /* SQLiteTableLockedException.m */ = {isa = PBXFileReference; fileEncoding = 4; lastKnownFileType = sourcecode.c.objc; name = SQLiteTableLockedException.m; path = Androidbase/android/database/sqlite/SQLiteTableLockedException.m; sourceTree = "<group>"; };
		634D23161DBEA0F900AD08DE /* SQLiteTransactionListener.m */ = {isa = PBXFileReference; fileEncoding = 4; lastKnownFileType = sourcecode.c.objc; name = SQLiteTransactionListener.m; path = Androidbase/android/database/sqlite/SQLiteTransactionListener.m; sourceTree = "<group>"; };
		634D23171DBEA0F900AD08DE /* StaleDataException.m */ = {isa = PBXFileReference; fileEncoding = 4; lastKnownFileType = sourcecode.c.objc; name = StaleDataException.m; path = Androidbase/android/database/StaleDataException.m; sourceTree = "<group>"; };
		634D23511DBEA16200AD08DE /* Bundle.m */ = {isa = PBXFileReference; fileEncoding = 4; lastKnownFileType = sourcecode.c.objc; name = Bundle.m; path = Androidbase/android/os/Bundle.m; sourceTree = "<group>"; };
		634D23521DBEA16200AD08DE /* FileUtils.m */ = {isa = PBXFileReference; fileEncoding = 4; lastKnownFileType = sourcecode.c.objc; name = FileUtils.m; path = Androidbase/android/os/FileUtils.m; sourceTree = "<group>"; };
		634D23531DBEA16200AD08DE /* Handler.m */ = {isa = PBXFileReference; fileEncoding = 4; lastKnownFileType = sourcecode.c.objc; name = Handler.m; path = Androidbase/android/os/Handler.m; sourceTree = "<group>"; };
		634D23541DBEA16200AD08DE /* HandlerThread.m */ = {isa = PBXFileReference; fileEncoding = 4; lastKnownFileType = sourcecode.c.objc; name = HandlerThread.m; path = Androidbase/android/os/HandlerThread.m; sourceTree = "<group>"; };
		634D23551DBEA16200AD08DE /* Looper.m */ = {isa = PBXFileReference; fileEncoding = 4; lastKnownFileType = sourcecode.c.objc; name = Looper.m; path = Androidbase/android/os/Looper.m; sourceTree = "<group>"; };
		634D23561DBEA16200AD08DE /* Message.m */ = {isa = PBXFileReference; fileEncoding = 4; lastKnownFileType = sourcecode.c.objc; name = Message.m; path = Androidbase/android/os/Message.m; sourceTree = "<group>"; };
		634D23571DBEA16200AD08DE /* MessageQueue.m */ = {isa = PBXFileReference; fileEncoding = 4; lastKnownFileType = sourcecode.c.objc; name = MessageQueue.m; path = Androidbase/android/os/MessageQueue.m; sourceTree = "<group>"; };
		634D23581DBEA16200AD08DE /* ThreadNudger.m */ = {isa = PBXFileReference; fileEncoding = 4; lastKnownFileType = sourcecode.c.objc; name = ThreadNudger.m; path = Androidbase/android/os/ThreadNudger.m; sourceTree = "<group>"; };
		634D23591DBEA16200AD08DE /* Trace.m */ = {isa = PBXFileReference; fileEncoding = 4; lastKnownFileType = sourcecode.c.objc; name = Trace.m; path = Androidbase/android/os/Trace.m; sourceTree = "<group>"; };
		634D23631DBEA16A00AD08DE /* BaseColumns.m */ = {isa = PBXFileReference; fileEncoding = 4; lastKnownFileType = sourcecode.c.objc; name = BaseColumns.m; path = Androidbase/android/provider/BaseColumns.m; sourceTree = "<group>"; };
		634D23651DBEA17C00AD08DE /* CheckResult.m */ = {isa = PBXFileReference; fileEncoding = 4; lastKnownFileType = sourcecode.c.objc; name = CheckResult.m; path = Androidbase/android/support/annotation/CheckResult.m; sourceTree = "<group>"; };
		634D23661DBEA17C00AD08DE /* IntDef.m */ = {isa = PBXFileReference; fileEncoding = 4; lastKnownFileType = sourcecode.c.objc; name = IntDef.m; path = Androidbase/android/support/annotation/IntDef.m; sourceTree = "<group>"; };
		634D23671DBEA17C00AD08DE /* NonNull.m */ = {isa = PBXFileReference; fileEncoding = 4; lastKnownFileType = sourcecode.c.objc; name = NonNull.m; path = Androidbase/android/support/annotation/NonNull.m; sourceTree = "<group>"; };
		634D23681DBEA17C00AD08DE /* Nullable.m */ = {isa = PBXFileReference; fileEncoding = 4; lastKnownFileType = sourcecode.c.objc; name = Nullable.m; path = Androidbase/android/support/annotation/Nullable.m; sourceTree = "<group>"; };
		634D23691DBEA17C00AD08DE /* VisibleForTesting.m */ = {isa = PBXFileReference; fileEncoding = 4; lastKnownFileType = sourcecode.c.objc; name = VisibleForTesting.m; path = Androidbase/android/support/annotation/VisibleForTesting.m; sourceTree = "<group>"; };
		634D236F1DBEA18600AD08DE /* JapanesePhoneNumberFormatter.m */ = {isa = PBXFileReference; fileEncoding = 4; lastKnownFileType = sourcecode.c.objc; name = JapanesePhoneNumberFormatter.m; path = Androidbase/android/telephony/JapanesePhoneNumberFormatter.m; sourceTree = "<group>"; };
		634D23701DBEA18600AD08DE /* PhoneNumberUtils.m */ = {isa = PBXFileReference; fileEncoding = 4; lastKnownFileType = sourcecode.c.objc; name = PhoneNumberUtils.m; path = Androidbase/android/telephony/PhoneNumberUtils.m; sourceTree = "<group>"; };
		634D23731DBEA19500AD08DE /* AndroidRuntimeException.m */ = {isa = PBXFileReference; fileEncoding = 4; lastKnownFileType = sourcecode.c.objc; name = AndroidRuntimeException.m; path = Androidbase/android/util/AndroidRuntimeException.m; sourceTree = "<group>"; };
		634D23741DBEA19500AD08DE /* EmptyArray.m */ = {isa = PBXFileReference; fileEncoding = 4; lastKnownFileType = sourcecode.c.objc; name = EmptyArray.m; path = Androidbase/android/util/EmptyArray.m; sourceTree = "<group>"; };
		634D23751DBEA19500AD08DE /* LongSparseArray.m */ = {isa = PBXFileReference; fileEncoding = 4; lastKnownFileType = sourcecode.c.objc; name = LongSparseArray.m; path = Androidbase/android/util/LongSparseArray.m; sourceTree = "<group>"; };
		634D23761DBEA19500AD08DE /* Patterns.m */ = {isa = PBXFileReference; fileEncoding = 4; lastKnownFileType = sourcecode.c.objc; name = Patterns.m; path = Androidbase/android/util/Patterns.m; sourceTree = "<group>"; };
		634D23771DBEA19500AD08DE /* PrefixPrinter.m */ = {isa = PBXFileReference; fileEncoding = 4; lastKnownFileType = sourcecode.c.objc; name = PrefixPrinter.m; path = Androidbase/android/util/PrefixPrinter.m; sourceTree = "<group>"; };
		634D23781DBEA19500AD08DE /* Size.m */ = {isa = PBXFileReference; fileEncoding = 4; lastKnownFileType = sourcecode.c.objc; name = Size.m; path = Androidbase/android/util/Size.m; sourceTree = "<group>"; };
		634D23791DBEA19500AD08DE /* SizeF.m */ = {isa = PBXFileReference; fileEncoding = 4; lastKnownFileType = sourcecode.c.objc; name = SizeF.m; path = Androidbase/android/util/SizeF.m; sourceTree = "<group>"; };
		634D237A1DBEA19500AD08DE /* TimeUtils.m */ = {isa = PBXFileReference; fileEncoding = 4; lastKnownFileType = sourcecode.c.objc; name = TimeUtils.m; path = Androidbase/android/util/TimeUtils.m; sourceTree = "<group>"; };
		634D237B1DBEA19500AD08DE /* Xml.m */ = {isa = PBXFileReference; fileEncoding = 4; lastKnownFileType = sourcecode.c.objc; name = Xml.m; path = Androidbase/android/util/Xml.m; sourceTree = "<group>"; };
		634D23851DBEA1A400AD08DE /* GrowingArrayUtils.m */ = {isa = PBXFileReference; fileEncoding = 4; lastKnownFileType = sourcecode.c.objc; name = GrowingArrayUtils.m; path = Androidbase/com/android/internal/util/GrowingArrayUtils.m; sourceTree = "<group>"; };
/* End PBXFileReference section */

/* Begin PBXFrameworksBuildPhase section */
		63243A061DBE4E5E009108D3 /* Frameworks */ = {
			isa = PBXFrameworksBuildPhase;
			buildActionMask = 2147483647;
			files = (
				634D22C91DBE909700AD08DE /* UIKit.framework in Frameworks */,
				634D227A1DBE842B00AD08DE /* JRE.framework in Frameworks */,
			);
			runOnlyForDeploymentPostprocessing = 0;
		};
		63243A101DBE4E5E009108D3 /* Frameworks */ = {
			isa = PBXFrameworksBuildPhase;
			buildActionMask = 2147483647;
			files = (
				63243A141DBE4E5E009108D3 /* Androidbase.framework in Frameworks */,
			);
			runOnlyForDeploymentPostprocessing = 0;
		};
/* End PBXFrameworksBuildPhase section */

/* Begin PBXGroup section */
		63243A001DBE4E5E009108D3 = {
			isa = PBXGroup;
			children = (
				634D22DF1DBEA0F900AD08DE /* AbstractCursor.m */,
				634D22E01DBEA0F900AD08DE /* AbstractWindowedCursor.m */,
				634D22E11DBEA0F900AD08DE /* CharArrayBuffer.m */,
				634D22E21DBEA0F900AD08DE /* CrossProcessCursor.m */,
				634D22E31DBEA0F900AD08DE /* CrossProcessCursorWrapper.m */,
				634D22E41DBEA0F900AD08DE /* Cursor.m */,
				634D22E51DBEA0F900AD08DE /* CursorIndexOutOfBoundsException.m */,
				634D22E61DBEA0F900AD08DE /* CursorWindow.m */,
				634D22E71DBEA0F900AD08DE /* CursorWindowAllocationException.m */,
				634D22E81DBEA0F900AD08DE /* CursorWrapper.m */,
				634D22E91DBEA0F900AD08DE /* DatabaseErrorHandler.m */,
				634D22EA1DBEA0F900AD08DE /* DatabaseUtils.m */,
				634D22EB1DBEA0F900AD08DE /* DataSetObservable.m */,
				634D22EC1DBEA0F900AD08DE /* DataSetObserver.m */,
				634D22ED1DBEA0F900AD08DE /* DefaultDatabaseErrorHandler.m */,
				634D22EE1DBEA0F900AD08DE /* MatrixCursor.m */,
				634D22EF1DBEA0F900AD08DE /* MergeCursor.m */,
				634D22F01DBEA0F900AD08DE /* Observable.m */,
				634D22F11DBEA0F900AD08DE /* SQLException.m */,
				634D22F21DBEA0F900AD08DE /* DatabaseObjectNotClosedException.m */,
				634D22F31DBEA0F900AD08DE /* SQLiteAbortException.m */,
				634D22F41DBEA0F900AD08DE /* SQLiteAccessPermException.m */,
				634D22F51DBEA0F900AD08DE /* SQLiteBindOrColumnIndexOutOfRangeException.m */,
				634D22F61DBEA0F900AD08DE /* SQLiteBlobTooBigException.m */,
				634D22F71DBEA0F900AD08DE /* SQLiteCantOpenDatabaseException.m */,
				634D22F81DBEA0F900AD08DE /* SQLiteClosable.m */,
				634D22F91DBEA0F900AD08DE /* SQLiteConnection.m */,
				634D22FA1DBEA0F900AD08DE /* SQLiteConnectionPool.m */,
				634D22FB1DBEA0F900AD08DE /* SQLiteConstraintException.m */,
				634D22FC1DBEA0F900AD08DE /* SQLiteCursor.m */,
				634D22FD1DBEA0F900AD08DE /* SQLiteCursorDriver.m */,
				634D22FE1DBEA0F900AD08DE /* SQLiteCustomFunction.m */,
				634D22FF1DBEA0F900AD08DE /* SQLiteDatabase.m */,
				634D23001DBEA0F900AD08DE /* SQLiteDatabaseConfiguration.m */,
				634D23011DBEA0F900AD08DE /* SQLiteDatabaseCorruptException.m */,
				634D23021DBEA0F900AD08DE /* SQLiteDatabaseLockedException.m */,
				634D23031DBEA0F900AD08DE /* SQLiteDatatypeMismatchException.m */,
				634D23041DBEA0F900AD08DE /* SQLiteDebug.m */,
				634D23051DBEA0F900AD08DE /* SQLiteDirectCursorDriver.m */,
				634D23061DBEA0F900AD08DE /* SQLiteDiskIOException.m */,
				634D23071DBEA0F900AD08DE /* SQLiteDoneException.m */,
				634D23081DBEA0F900AD08DE /* SQLiteException.m */,
				634D23091DBEA0F900AD08DE /* SQLiteFullException.m */,
				634D230A1DBEA0F900AD08DE /* SQLiteGlobal.m */,
				634D230B1DBEA0F900AD08DE /* SQLiteMisuseException.m */,
				634D230C1DBEA0F900AD08DE /* SQLiteOpenHelper.m */,
				634D230D1DBEA0F900AD08DE /* SQLiteOutOfMemoryException.m */,
				634D230E1DBEA0F900AD08DE /* SQLiteProgram.m */,
				634D230F1DBEA0F900AD08DE /* SQLiteQuery.m */,
				634D23101DBEA0F900AD08DE /* SQLiteQueryBuilder.m */,
				634D23111DBEA0F900AD08DE /* SQLiteReadOnlyDatabaseException.m */,
				634D23121DBEA0F900AD08DE /* SQLiteSession.m */,
				634D23131DBEA0F900AD08DE /* SQLiteStatement.m */,
				634D23141DBEA0F900AD08DE /* SQLiteStatementInfo.m */,
				634D23151DBEA0F900AD08DE /* SQLiteTableLockedException.m */,
				634D23161DBEA0F900AD08DE /* SQLiteTransactionListener.m */,
				634D23171DBEA0F900AD08DE /* StaleDataException.m */,
				634D22D71DBEA07900AD08DE /* ContentValues.m */,
				634D22D51DBEA06500AD08DE /* SharedPreferencesImpl.m */,
				634D22D31DBEA06100AD08DE /* QueuedWork.m */,
				634D22D11DBEA05C00AD08DE /* Application.m */,
				634D22CF1DBEA05400AD08DE /* Nullable.m */,
				634D22CD1DBEA04E00AD08DE /* NonNull.m */,
				634D22D91DBEA08F00AD08DE /* Context.m */,
				634D22DA1DBEA08F00AD08DE /* IOSContext.m */,
				634D22DB1DBEA08F00AD08DE /* SharedPreferences.m */,
				634D23511DBEA16200AD08DE /* Bundle.m */,
				634D23521DBEA16200AD08DE /* FileUtils.m */,
				634D23531DBEA16200AD08DE /* Handler.m */,
				634D23541DBEA16200AD08DE /* HandlerThread.m */,
				634D23551DBEA16200AD08DE /* Looper.m */,
				634D23561DBEA16200AD08DE /* Message.m */,
				634D23571DBEA16200AD08DE /* MessageQueue.m */,
				634D23581DBEA16200AD08DE /* ThreadNudger.m */,
				634D23591DBEA16200AD08DE /* Trace.m */,
				634D23631DBEA16A00AD08DE /* BaseColumns.m */,
				634D23651DBEA17C00AD08DE /* CheckResult.m */,
				634D23661DBEA17C00AD08DE /* IntDef.m */,
				634D23671DBEA17C00AD08DE /* NonNull.m */,
				634D23681DBEA17C00AD08DE /* Nullable.m */,
				634D23691DBEA17C00AD08DE /* VisibleForTesting.m */,
				634D236F1DBEA18600AD08DE /* JapanesePhoneNumberFormatter.m */,
				634D23701DBEA18600AD08DE /* PhoneNumberUtils.m */,
				634D23731DBEA19500AD08DE /* AndroidRuntimeException.m */,
				634D23741DBEA19500AD08DE /* EmptyArray.m */,
				634D23751DBEA19500AD08DE /* LongSparseArray.m */,
				634D23761DBEA19500AD08DE /* Patterns.m */,
				634D23771DBEA19500AD08DE /* PrefixPrinter.m */,
				634D23781DBEA19500AD08DE /* Size.m */,
				634D23791DBEA19500AD08DE /* SizeF.m */,
				634D237A1DBEA19500AD08DE /* TimeUtils.m */,
				634D237B1DBEA19500AD08DE /* Xml.m */,
				634D23851DBEA1A400AD08DE /* GrowingArrayUtils.m */,
				63243A0C1DBE4E5E009108D3 /* Androidbase */,
				63243A171DBE4E5E009108D3 /* AndroidbaseTests */,
				63243A0B1DBE4E5E009108D3 /* Products */,
				634D22781DBE842B00AD08DE /* Frameworks */,
			);
			sourceTree = "<group>";
		};
		63243A0B1DBE4E5E009108D3 /* Products */ = {
			isa = PBXGroup;
			children = (
				63243A0A1DBE4E5E009108D3 /* Androidbase.framework */,
				63243A131DBE4E5E009108D3 /* AndroidbaseTests.xctest */,
			);
			name = Products;
			sourceTree = "<group>";
		};
		63243A0C1DBE4E5E009108D3 /* Androidbase */ = {
			isa = PBXGroup;
			children = (
				634D22C41DBE874C00AD08DE /* Info.plist */,
				634D227C1DBE85E200AD08DE /* android */,
				634D227D1DBE85E200AD08DE /* Androidbase.h */,
				634D22801DBE85E200AD08DE /* com */,
				634D22811DBE85E200AD08DE /* CursorWindowNative.h */,
				634D22821DBE85E200AD08DE /* CursorWindowNative.m */,
				634D22841DBE85E200AD08DE /* RenameComAndroidInternalUtilFastXmlSerializer.h */,
				634D22851DBE85E200AD08DE /* RenameComAndroidInternalUtilFastXmlSerializer.m */,
				634D22861DBE85E200AD08DE /* RenameComAndroidInternalUtilXmlUtils.h */,
				634D22871DBE85E200AD08DE /* RenameComAndroidInternalUtilXmlUtils.m */,
				634D22881DBE85E200AD08DE /* RenameComGoogleAndroidCollectLists.h */,
				634D22891DBE85E200AD08DE /* RenameComGoogleAndroidCollectLists.m */,
				634D228A1DBE85E200AD08DE /* RenameComGoogleAndroidCollectMaps.h */,
				634D228B1DBE85E200AD08DE /* RenameComGoogleAndroidCollectMaps.m */,
				634D228C1DBE85E200AD08DE /* RenameComGoogleAndroidCollectSets.h */,
				634D228D1DBE85E200AD08DE /* RenameComGoogleAndroidCollectSets.m */,
				634D228E1DBE85E200AD08DE /* RenameLibcoreInternalStringPool.h */,
				634D228F1DBE85E200AD08DE /* RenameLibcoreInternalStringPool.m */,
				634D22901DBE85E200AD08DE /* RenameOrgKxml2IoKXmlParser.h */,
				634D22911DBE85E200AD08DE /* RenameOrgKxml2IoKXmlParser.m */,
				634D22921DBE85E200AD08DE /* RenameOrgKxml2IoKXmlSerializer.h */,
				634D22931DBE85E200AD08DE /* RenameOrgKxml2IoKXmlSerializer.m */,
				634D22941DBE85E200AD08DE /* RenameOrgKxml2KdomDocument.h */,
				634D22951DBE85E200AD08DE /* RenameOrgKxml2KdomDocument.m */,
				634D22961DBE85E200AD08DE /* RenameOrgKxml2KdomElement.h */,
				634D22971DBE85E200AD08DE /* RenameOrgKxml2KdomElement.m */,
				634D22981DBE85E200AD08DE /* RenameOrgKxml2KdomNode.h */,
				634D22991DBE85E200AD08DE /* RenameOrgKxml2KdomNode.m */,
				634D229A1DBE85E200AD08DE /* SQLiteConnectionNative.h */,
				634D229B1DBE85E200AD08DE /* SQLiteConnectionNative.m */,
				634D229C1DBE85E200AD08DE /* SQLiteErrors.h */,
				634D229D1DBE85E200AD08DE /* SQLiteErrors.m */,
				634D229E1DBE85E200AD08DE /* SQLitePreparedStatement.h */,
				634D229F1DBE85E200AD08DE /* SQLitePreparedStatement.m */,
				63243A0D1DBE4E5E009108D3 /* Androidbase.h */,
			);
			path = Androidbase;
			sourceTree = "<group>";
		};
		63243A171DBE4E5E009108D3 /* AndroidbaseTests */ = {
			isa = PBXGroup;
			children = (
				63243A181DBE4E5E009108D3 /* AndroidbaseTests.m */,
				63243A1A1DBE4E5E009108D3 /* Info.plist */,
			);
			path = AndroidbaseTests;
			sourceTree = "<group>";
		};
		634D22781DBE842B00AD08DE /* Frameworks */ = {
			isa = PBXGroup;
			children = (
				634D22C81DBE909700AD08DE /* UIKit.framework */,
				634D22791DBE842B00AD08DE /* JRE.framework */,
			);
			name = Frameworks;
			sourceTree = "<group>";
		};
/* End PBXGroup section */

/* Begin PBXHeadersBuildPhase section */
		63243A071DBE4E5E009108D3 /* Headers */ = {
			isa = PBXHeadersBuildPhase;
			buildActionMask = 2147483647;
			files = (
				634D22C21DBE85E200AD08DE /* SQLitePreparedStatement.h in Headers */,
				634D22BA1DBE85E200AD08DE /* RenameOrgKxml2KdomElement.h in Headers */,
				634D22AA1DBE85E200AD08DE /* RenameComAndroidInternalUtilXmlUtils.h in Headers */,
				634D22C01DBE85E200AD08DE /* SQLiteErrors.h in Headers */,
				634D22BC1DBE85E200AD08DE /* RenameOrgKxml2KdomNode.h in Headers */,
				634D22BE1DBE85E200AD08DE /* SQLiteConnectionNative.h in Headers */,
				634D22A81DBE85E200AD08DE /* RenameComAndroidInternalUtilFastXmlSerializer.h in Headers */,
				634D22B21DBE85E200AD08DE /* RenameLibcoreInternalStringPool.h in Headers */,
				634D22B01DBE85E200AD08DE /* RenameComGoogleAndroidCollectSets.h in Headers */,
				634D22A51DBE85E200AD08DE /* CursorWindowNative.h in Headers */,
				634D22AC1DBE85E200AD08DE /* RenameComGoogleAndroidCollectLists.h in Headers */,
				634D22B41DBE85E200AD08DE /* RenameOrgKxml2IoKXmlParser.h in Headers */,
				634D22AE1DBE85E200AD08DE /* RenameComGoogleAndroidCollectMaps.h in Headers */,
				634D22B61DBE85E200AD08DE /* RenameOrgKxml2IoKXmlSerializer.h in Headers */,
				634D22B81DBE85E200AD08DE /* RenameOrgKxml2KdomDocument.h in Headers */,
				634D22A11DBE85E200AD08DE /* Androidbase.h in Headers */,
			);
			runOnlyForDeploymentPostprocessing = 0;
		};
/* End PBXHeadersBuildPhase section */

/* Begin PBXNativeTarget section */
		63243A091DBE4E5E009108D3 /* Androidbase */ = {
			isa = PBXNativeTarget;
			buildConfigurationList = 63243A1E1DBE4E5E009108D3 /* Build configuration list for PBXNativeTarget "Androidbase" */;
			buildPhases = (
				634D227B1DBE859500AD08DE /* CopyFiles */,
				63243A051DBE4E5E009108D3 /* Sources */,
				63243A061DBE4E5E009108D3 /* Frameworks */,
				63243A071DBE4E5E009108D3 /* Headers */,
				63243A081DBE4E5E009108D3 /* Resources */,
			);
			buildRules = (
			);
			dependencies = (
			);
			name = Androidbase;
			productName = Androidbase;
			productReference = 63243A0A1DBE4E5E009108D3 /* Androidbase.framework */;
			productType = "com.apple.product-type.framework";
		};
		63243A121DBE4E5E009108D3 /* AndroidbaseTests */ = {
			isa = PBXNativeTarget;
			buildConfigurationList = 63243A211DBE4E5E009108D3 /* Build configuration list for PBXNativeTarget "AndroidbaseTests" */;
			buildPhases = (
				63243A0F1DBE4E5E009108D3 /* Sources */,
				63243A101DBE4E5E009108D3 /* Frameworks */,
				63243A111DBE4E5E009108D3 /* Resources */,
			);
			buildRules = (
			);
			dependencies = (
				63243A161DBE4E5E009108D3 /* PBXTargetDependency */,
			);
			name = AndroidbaseTests;
			productName = AndroidbaseTests;
			productReference = 63243A131DBE4E5E009108D3 /* AndroidbaseTests.xctest */;
			productType = "com.apple.product-type.bundle.unit-test";
		};
/* End PBXNativeTarget section */

/* Begin PBXProject section */
		63243A011DBE4E5E009108D3 /* Project object */ = {
			isa = PBXProject;
			attributes = {
				LastUpgradeCheck = 0800;
				ORGANIZATIONNAME = "Kevin Galligan";
				TargetAttributes = {
					63243A091DBE4E5E009108D3 = {
						CreatedOnToolsVersion = 8.0;
						ProvisioningStyle = Automatic;
					};
					63243A121DBE4E5E009108D3 = {
						CreatedOnToolsVersion = 8.0;
						ProvisioningStyle = Automatic;
					};
				};
			};
			buildConfigurationList = 63243A041DBE4E5E009108D3 /* Build configuration list for PBXProject "Androidbase" */;
			compatibilityVersion = "Xcode 3.2";
			developmentRegion = English;
			hasScannedForEncodings = 0;
			knownRegions = (
				en,
			);
			mainGroup = 63243A001DBE4E5E009108D3;
			productRefGroup = 63243A0B1DBE4E5E009108D3 /* Products */;
			projectDirPath = "";
			projectRoot = "";
			targets = (
				63243A091DBE4E5E009108D3 /* Androidbase */,
				63243A121DBE4E5E009108D3 /* AndroidbaseTests */,
			);
		};
/* End PBXProject section */

/* Begin PBXResourcesBuildPhase section */
		63243A081DBE4E5E009108D3 /* Resources */ = {
			isa = PBXResourcesBuildPhase;
			buildActionMask = 2147483647;
			files = (
				634D22C51DBE874C00AD08DE /* Info.plist in Resources */,
			);
			runOnlyForDeploymentPostprocessing = 0;
		};
		63243A111DBE4E5E009108D3 /* Resources */ = {
			isa = PBXResourcesBuildPhase;
			buildActionMask = 2147483647;
			files = (
			);
			runOnlyForDeploymentPostprocessing = 0;
		};
/* End PBXResourcesBuildPhase section */

/* Begin PBXSourcesBuildPhase section */
		63243A051DBE4E5E009108D3 /* Sources */ = {
			isa = PBXSourcesBuildPhase;
			buildActionMask = 2147483647;
			files = (
				634D235D1DBEA16200AD08DE /* HandlerThread.m in Sources */,
				634D22D81DBEA07900AD08DE /* ContentValues.m in Sources */,
				634D22D61DBEA06500AD08DE /* SharedPreferencesImpl.m in Sources */,
				634D23501DBEA0F900AD08DE /* StaleDataException.m in Sources */,
				634D23491DBEA0F900AD08DE /* SQLiteQueryBuilder.m in Sources */,
				634D23251DBEA0F900AD08DE /* DataSetObserver.m in Sources */,
				634D237C1DBEA19500AD08DE /* AndroidRuntimeException.m in Sources */,
				634D23201DBEA0F900AD08DE /* CursorWindowAllocationException.m in Sources */,
				634D234D1DBEA0F900AD08DE /* SQLiteStatementInfo.m in Sources */,
				634D23271DBEA0F900AD08DE /* MatrixCursor.m in Sources */,
				634D234E1DBEA0F900AD08DE /* SQLiteTableLockedException.m in Sources */,
				634D23331DBEA0F900AD08DE /* SQLiteConnectionPool.m in Sources */,
				634D23831DBEA19500AD08DE /* TimeUtils.m in Sources */,
				634D23401DBEA0F900AD08DE /* SQLiteDoneException.m in Sources */,
				634D23481DBEA0F900AD08DE /* SQLiteQuery.m in Sources */,
				634D22D41DBEA06100AD08DE /* QueuedWork.m in Sources */,
				634D23231DBEA0F900AD08DE /* DatabaseUtils.m in Sources */,
				634D23241DBEA0F900AD08DE /* DataSetObservable.m in Sources */,
				634D233D1DBEA0F900AD08DE /* SQLiteDebug.m in Sources */,
				634D231C1DBEA0F900AD08DE /* CrossProcessCursorWrapper.m in Sources */,
				634D23471DBEA0F900AD08DE /* SQLiteProgram.m in Sources */,
				634D235C1DBEA16200AD08DE /* Handler.m in Sources */,
				634D237D1DBEA19500AD08DE /* EmptyArray.m in Sources */,
				634D237F1DBEA19500AD08DE /* Patterns.m in Sources */,
				634D23611DBEA16200AD08DE /* ThreadNudger.m in Sources */,
				634D233B1DBEA0F900AD08DE /* SQLiteDatabaseLockedException.m in Sources */,
				634D23261DBEA0F900AD08DE /* DefaultDatabaseErrorHandler.m in Sources */,
				634D232F1DBEA0F900AD08DE /* SQLiteBlobTooBigException.m in Sources */,
				634D23301DBEA0F900AD08DE /* SQLiteCantOpenDatabaseException.m in Sources */,
				634D23421DBEA0F900AD08DE /* SQLiteFullException.m in Sources */,
				634D23221DBEA0F900AD08DE /* DatabaseErrorHandler.m in Sources */,
				634D23621DBEA16200AD08DE /* Trace.m in Sources */,
				634D22D21DBEA05C00AD08DE /* Application.m in Sources */,
				634D231E1DBEA0F900AD08DE /* CursorIndexOutOfBoundsException.m in Sources */,
				634D235F1DBEA16200AD08DE /* Message.m in Sources */,
				634D22D01DBEA05400AD08DE /* Nullable.m in Sources */,
				634D232E1DBEA0F900AD08DE /* SQLiteBindOrColumnIndexOutOfRangeException.m in Sources */,
				634D236E1DBEA17C00AD08DE /* VisibleForTesting.m in Sources */,
				634D233C1DBEA0F900AD08DE /* SQLiteDatatypeMismatchException.m in Sources */,
				634D22CE1DBEA04E00AD08DE /* NonNull.m in Sources */,
				634D23411DBEA0F900AD08DE /* SQLiteException.m in Sources */,
				634D23451DBEA0F900AD08DE /* SQLiteOpenHelper.m in Sources */,
				634D236D1DBEA17C00AD08DE /* Nullable.m in Sources */,
				634D23841DBEA19500AD08DE /* Xml.m in Sources */,
				634D232A1DBEA0F900AD08DE /* SQLException.m in Sources */,
				634D23371DBEA0F900AD08DE /* SQLiteCustomFunction.m in Sources */,
				634D22C11DBE85E200AD08DE /* SQLiteErrors.m in Sources */,
				634D23861DBEA1A400AD08DE /* GrowingArrayUtils.m in Sources */,
				634D23431DBEA0F900AD08DE /* SQLiteGlobal.m in Sources */,
				634D22A91DBE85E200AD08DE /* RenameComAndroidInternalUtilFastXmlSerializer.m in Sources */,
				634D234F1DBEA0F900AD08DE /* SQLiteTransactionListener.m in Sources */,
				634D22A61DBE85E200AD08DE /* CursorWindowNative.m in Sources */,
				634D23441DBEA0F900AD08DE /* SQLiteMisuseException.m in Sources */,
				634D236A1DBEA17C00AD08DE /* CheckResult.m in Sources */,
				634D235E1DBEA16200AD08DE /* Looper.m in Sources */,
				634D23811DBEA19500AD08DE /* Size.m in Sources */,
				634D22BD1DBE85E200AD08DE /* RenameOrgKxml2KdomNode.m in Sources */,
				634D232C1DBEA0F900AD08DE /* SQLiteAbortException.m in Sources */,
				634D22AB1DBE85E200AD08DE /* RenameComAndroidInternalUtilXmlUtils.m in Sources */,
				634D22B11DBE85E200AD08DE /* RenameComGoogleAndroidCollectSets.m in Sources */,
				634D23821DBEA19500AD08DE /* SizeF.m in Sources */,
				634D23461DBEA0F900AD08DE /* SQLiteOutOfMemoryException.m in Sources */,
				634D232D1DBEA0F900AD08DE /* SQLiteAccessPermException.m in Sources */,
				634D22AD1DBE85E200AD08DE /* RenameComGoogleAndroidCollectLists.m in Sources */,
				634D233E1DBEA0F900AD08DE /* SQLiteDirectCursorDriver.m in Sources */,
				634D22AF1DBE85E200AD08DE /* RenameComGoogleAndroidCollectMaps.m in Sources */,
				634D233A1DBEA0F900AD08DE /* SQLiteDatabaseCorruptException.m in Sources */,
				634D231B1DBEA0F900AD08DE /* CrossProcessCursor.m in Sources */,
				634D22B71DBE85E200AD08DE /* RenameOrgKxml2IoKXmlSerializer.m in Sources */,
				634D22DE1DBEA08F00AD08DE /* SharedPreferences.m in Sources */,
				634D235A1DBEA16200AD08DE /* Bundle.m in Sources */,
				634D22DD1DBEA08F00AD08DE /* IOSContext.m in Sources */,
				634D236C1DBEA17C00AD08DE /* NonNull.m in Sources */,
				634D23601DBEA16200AD08DE /* MessageQueue.m in Sources */,
				634D23361DBEA0F900AD08DE /* SQLiteCursorDriver.m in Sources */,
				634D236B1DBEA17C00AD08DE /* IntDef.m in Sources */,
				634D23181DBEA0F900AD08DE /* AbstractCursor.m in Sources */,
				634D23191DBEA0F900AD08DE /* AbstractWindowedCursor.m in Sources */,
				634D22B51DBE85E200AD08DE /* RenameOrgKxml2IoKXmlParser.m in Sources */,
				634D23711DBEA18600AD08DE /* JapanesePhoneNumberFormatter.m in Sources */,
				634D22B91DBE85E200AD08DE /* RenameOrgKxml2KdomDocument.m in Sources */,
				634D237E1DBEA19500AD08DE /* LongSparseArray.m in Sources */,
				634D22DC1DBEA08F00AD08DE /* Context.m in Sources */,
				634D22BB1DBE85E200AD08DE /* RenameOrgKxml2KdomElement.m in Sources */,
				634D235B1DBEA16200AD08DE /* FileUtils.m in Sources */,
				634D22B31DBE85E200AD08DE /* RenameLibcoreInternalStringPool.m in Sources */,
				634D232B1DBEA0F900AD08DE /* DatabaseObjectNotClosedException.m in Sources */,
				634D231A1DBEA0F900AD08DE /* CharArrayBuffer.m in Sources */,
				634D23721DBEA18600AD08DE /* PhoneNumberUtils.m in Sources */,
				634D23311DBEA0F900AD08DE /* SQLiteClosable.m in Sources */,
				634D23321DBEA0F900AD08DE /* SQLiteConnection.m in Sources */,
				634D23211DBEA0F900AD08DE /* CursorWrapper.m in Sources */,
				634D22BF1DBE85E200AD08DE /* SQLiteConnectionNative.m in Sources */,
				634D233F1DBEA0F900AD08DE /* SQLiteDiskIOException.m in Sources */,
				634D23641DBEA16A00AD08DE /* BaseColumns.m in Sources */,
				634D23391DBEA0F900AD08DE /* SQLiteDatabaseConfiguration.m in Sources */,
				634D234A1DBEA0F900AD08DE /* SQLiteReadOnlyDatabaseException.m in Sources */,
				634D23801DBEA19500AD08DE /* PrefixPrinter.m in Sources */,
				634D23281DBEA0F900AD08DE /* MergeCursor.m in Sources */,
				634D22C31DBE85E200AD08DE /* SQLitePreparedStatement.m in Sources */,
				634D234C1DBEA0F900AD08DE /* SQLiteStatement.m in Sources */,
				634D23381DBEA0F900AD08DE /* SQLiteDatabase.m in Sources */,
				634D231D1DBEA0F900AD08DE /* Cursor.m in Sources */,
				634D23341DBEA0F900AD08DE /* SQLiteConstraintException.m in Sources */,
				634D234B1DBEA0F900AD08DE /* SQLiteSession.m in Sources */,
				634D23351DBEA0F900AD08DE /* SQLiteCursor.m in Sources */,
				634D23291DBEA0F900AD08DE /* Observable.m in Sources */,
				634D231F1DBEA0F900AD08DE /* CursorWindow.m in Sources */,
			);
			runOnlyForDeploymentPostprocessing = 0;
		};
		63243A0F1DBE4E5E009108D3 /* Sources */ = {
			isa = PBXSourcesBuildPhase;
			buildActionMask = 2147483647;
			files = (
				63243A191DBE4E5E009108D3 /* AndroidbaseTests.m in Sources */,
			);
			runOnlyForDeploymentPostprocessing = 0;
		};
/* End PBXSourcesBuildPhase section */

/* Begin PBXTargetDependency section */
		63243A161DBE4E5E009108D3 /* PBXTargetDependency */ = {
			isa = PBXTargetDependency;
			target = 63243A091DBE4E5E009108D3 /* Androidbase */;
			targetProxy = 63243A151DBE4E5E009108D3 /* PBXContainerItemProxy */;
		};
/* End PBXTargetDependency section */

/* Begin XCBuildConfiguration section */
		63243A1C1DBE4E5E009108D3 /* Debug */ = {
			isa = XCBuildConfiguration;
			buildSettings = {
				ALWAYS_SEARCH_USER_PATHS = NO;
				CLANG_ANALYZER_NONNULL = YES;
				CLANG_CXX_LANGUAGE_STANDARD = "gnu++0x";
				CLANG_CXX_LIBRARY = "libc++";
				CLANG_ENABLE_MODULES = YES;
				CLANG_ENABLE_OBJC_ARC = YES;
				CLANG_WARN_BOOL_CONVERSION = YES;
				CLANG_WARN_CONSTANT_CONVERSION = YES;
				CLANG_WARN_DIRECT_OBJC_ISA_USAGE = YES_ERROR;
				CLANG_WARN_DOCUMENTATION_COMMENTS = YES;
				CLANG_WARN_EMPTY_BODY = YES;
				CLANG_WARN_ENUM_CONVERSION = YES;
				CLANG_WARN_INFINITE_RECURSION = YES;
				CLANG_WARN_INT_CONVERSION = YES;
				CLANG_WARN_OBJC_ROOT_CLASS = YES_ERROR;
				CLANG_WARN_SUSPICIOUS_MOVES = YES;
				CLANG_WARN_UNREACHABLE_CODE = YES;
				CLANG_WARN__DUPLICATE_METHOD_MATCH = YES;
				"CODE_SIGN_IDENTITY[sdk=iphoneos*]" = "iPhone Developer";
				COPY_PHASE_STRIP = NO;
				CURRENT_PROJECT_VERSION = 1;
				DEBUG_INFORMATION_FORMAT = dwarf;
				ENABLE_STRICT_OBJC_MSGSEND = YES;
				ENABLE_TESTABILITY = YES;
				GCC_C_LANGUAGE_STANDARD = gnu99;
				GCC_DYNAMIC_NO_PIC = NO;
				GCC_NO_COMMON_BLOCKS = YES;
				GCC_OPTIMIZATION_LEVEL = 0;
				GCC_PREPROCESSOR_DEFINITIONS = (
					"DEBUG=1",
					"$(inherited)",
				);
				GCC_WARN_64_TO_32_BIT_CONVERSION = YES;
				GCC_WARN_ABOUT_RETURN_TYPE = YES_ERROR;
				GCC_WARN_UNDECLARED_SELECTOR = YES;
				GCC_WARN_UNINITIALIZED_AUTOS = YES_AGGRESSIVE;
				GCC_WARN_UNUSED_FUNCTION = YES;
				GCC_WARN_UNUSED_VARIABLE = YES;
				IPHONEOS_DEPLOYMENT_TARGET = 10.0;
				MTL_ENABLE_DEBUG_INFO = YES;
				ONLY_ACTIVE_ARCH = YES;
				SDKROOT = iphoneos;
				TARGETED_DEVICE_FAMILY = "1,2";
				VERSIONING_SYSTEM = "apple-generic";
				VERSION_INFO_PREFIX = "";
			};
			name = Debug;
		};
		63243A1D1DBE4E5E009108D3 /* Release */ = {
			isa = XCBuildConfiguration;
			buildSettings = {
				ALWAYS_SEARCH_USER_PATHS = NO;
				CLANG_ANALYZER_NONNULL = YES;
				CLANG_CXX_LANGUAGE_STANDARD = "gnu++0x";
				CLANG_CXX_LIBRARY = "libc++";
				CLANG_ENABLE_MODULES = YES;
				CLANG_ENABLE_OBJC_ARC = YES;
				CLANG_WARN_BOOL_CONVERSION = YES;
				CLANG_WARN_CONSTANT_CONVERSION = YES;
				CLANG_WARN_DIRECT_OBJC_ISA_USAGE = YES_ERROR;
				CLANG_WARN_DOCUMENTATION_COMMENTS = YES;
				CLANG_WARN_EMPTY_BODY = YES;
				CLANG_WARN_ENUM_CONVERSION = YES;
				CLANG_WARN_INFINITE_RECURSION = YES;
				CLANG_WARN_INT_CONVERSION = YES;
				CLANG_WARN_OBJC_ROOT_CLASS = YES_ERROR;
				CLANG_WARN_SUSPICIOUS_MOVES = YES;
				CLANG_WARN_UNREACHABLE_CODE = YES;
				CLANG_WARN__DUPLICATE_METHOD_MATCH = YES;
				"CODE_SIGN_IDENTITY[sdk=iphoneos*]" = "iPhone Developer";
				COPY_PHASE_STRIP = NO;
				CURRENT_PROJECT_VERSION = 1;
				DEBUG_INFORMATION_FORMAT = "dwarf-with-dsym";
				ENABLE_NS_ASSERTIONS = NO;
				ENABLE_STRICT_OBJC_MSGSEND = YES;
				GCC_C_LANGUAGE_STANDARD = gnu99;
				GCC_NO_COMMON_BLOCKS = YES;
				GCC_WARN_64_TO_32_BIT_CONVERSION = YES;
				GCC_WARN_ABOUT_RETURN_TYPE = YES_ERROR;
				GCC_WARN_UNDECLARED_SELECTOR = YES;
				GCC_WARN_UNINITIALIZED_AUTOS = YES_AGGRESSIVE;
				GCC_WARN_UNUSED_FUNCTION = YES;
				GCC_WARN_UNUSED_VARIABLE = YES;
				IPHONEOS_DEPLOYMENT_TARGET = 10.0;
				MTL_ENABLE_DEBUG_INFO = NO;
				SDKROOT = iphoneos;
				TARGETED_DEVICE_FAMILY = "1,2";
				VALIDATE_PRODUCT = YES;
				VERSIONING_SYSTEM = "apple-generic";
				VERSION_INFO_PREFIX = "";
			};
			name = Release;
		};
		63243A1F1DBE4E5E009108D3 /* Debug */ = {
			isa = XCBuildConfiguration;
			buildSettings = {
				CLANG_ENABLE_OBJC_ARC = NO;
				CODE_SIGN_IDENTITY = "";
				DEFINES_MODULE = YES;
				DYLIB_COMPATIBILITY_VERSION = 1;
				DYLIB_CURRENT_VERSION = 1;
				DYLIB_INSTALL_NAME_BASE = "@rpath";
				FRAMEWORK_SEARCH_PATHS = "$(J2OBJC_LOCAL_PATH)/frameworks";
				HEADER_SEARCH_PATHS = (
					"$(J2OBJC_LOCAL_PATH)/frameworks/JRE.framework/Headers",
					"$(PROJECT_DIR)/**",
				);
				INFOPLIST_FILE = Androidbase/Info.plist;
				INSTALL_PATH = "$(LOCAL_LIBRARY_DIR)/Frameworks";
				LD_RUNPATH_SEARCH_PATHS = "$(inherited) @executable_path/Frameworks @loader_path/Frameworks";
				OTHER_LDFLAGS = "-lsqlite3";
				PRODUCT_BUNDLE_IDENTIFIER = co.touchlab.Androidbase;
				PRODUCT_NAME = "$(TARGET_NAME)";
				SKIP_INSTALL = YES;
			};
			name = Debug;
		};
		63243A201DBE4E5E009108D3 /* Release */ = {
			isa = XCBuildConfiguration;
			buildSettings = {
				CLANG_ENABLE_OBJC_ARC = NO;
				CODE_SIGN_IDENTITY = "";
				DEFINES_MODULE = YES;
				DYLIB_COMPATIBILITY_VERSION = 1;
				DYLIB_CURRENT_VERSION = 1;
				DYLIB_INSTALL_NAME_BASE = "@rpath";
				FRAMEWORK_SEARCH_PATHS = "$(J2OBJC_LOCAL_PATH)/frameworks";
				HEADER_SEARCH_PATHS = (
					"$(J2OBJC_LOCAL_PATH)/frameworks/JRE.framework/Headers",
					"$(PROJECT_DIR)/**",
				);
				INFOPLIST_FILE = Androidbase/Info.plist;
				INSTALL_PATH = "$(LOCAL_LIBRARY_DIR)/Frameworks";
				LD_RUNPATH_SEARCH_PATHS = "$(inherited) @executable_path/Frameworks @loader_path/Frameworks";
				OTHER_LDFLAGS = "-lsqlite3";
				PRODUCT_BUNDLE_IDENTIFIER = co.touchlab.Androidbase;
				PRODUCT_NAME = "$(TARGET_NAME)";
				SKIP_INSTALL = YES;
			};
			name = Release;
		};
		63243A221DBE4E5E009108D3 /* Debug */ = {
			isa = XCBuildConfiguration;
			buildSettings = {
				INFOPLIST_FILE = AndroidbaseTests/Info.plist;
				LD_RUNPATH_SEARCH_PATHS = "$(inherited) @executable_path/Frameworks @loader_path/Frameworks";
				PRODUCT_BUNDLE_IDENTIFIER = co.touchlab.AndroidbaseTests;
				PRODUCT_NAME = "$(TARGET_NAME)";
			};
			name = Debug;
		};
		63243A231DBE4E5E009108D3 /* Release */ = {
			isa = XCBuildConfiguration;
			buildSettings = {
				INFOPLIST_FILE = AndroidbaseTests/Info.plist;
				LD_RUNPATH_SEARCH_PATHS = "$(inherited) @executable_path/Frameworks @loader_path/Frameworks";
				PRODUCT_BUNDLE_IDENTIFIER = co.touchlab.AndroidbaseTests;
				PRODUCT_NAME = "$(TARGET_NAME)";
			};
			name = Release;
		};
/* End XCBuildConfiguration section */

/* Begin XCConfigurationList section */
		63243A041DBE4E5E009108D3 /* Build configuration list for PBXProject "Androidbase" */ = {
			isa = XCConfigurationList;
			buildConfigurations = (
				63243A1C1DBE4E5E009108D3 /* Debug */,
				63243A1D1DBE4E5E009108D3 /* Release */,
			);
			defaultConfigurationIsVisible = 0;
			defaultConfigurationName = Release;
		};
		63243A1E1DBE4E5E009108D3 /* Build configuration list for PBXNativeTarget "Androidbase" */ = {
			isa = XCConfigurationList;
			buildConfigurations = (
				63243A1F1DBE4E5E009108D3 /* Debug */,
				63243A201DBE4E5E009108D3 /* Release */,
			);
			defaultConfigurationIsVisible = 0;
			defaultConfigurationName = Release;
		};
		63243A211DBE4E5E009108D3 /* Build configuration list for PBXNativeTarget "AndroidbaseTests" */ = {
			isa = XCConfigurationList;
			buildConfigurations = (
				63243A221DBE4E5E009108D3 /* Debug */,
				63243A231DBE4E5E009108D3 /* Release */,
			);
			defaultConfigurationIsVisible = 0;
			defaultConfigurationName = Release;
		};
/* End XCConfigurationList section */
	};
	rootObject = 63243A011DBE4E5E009108D3 /* Project object */;
}
